// !$*UTF8*$!
{
	archiveVersion = 1;
	classes = {
	};
	objectVersion = 46;
	objects = {

/* Begin PBXBuildFile section */
		7C0193C2C670251B8116E2CC /* libPods.a in Frameworks */ = {isa = PBXBuildFile; fileRef = D685707DD3766C3EB6E23122 /* libPods.a */; };
		CEF556017F1729CF780C00B2 /* libPods.a in Frameworks */ = {isa = PBXBuildFile; fileRef = D685707DD3766C3EB6E23122 /* libPods.a */; };
		FB1067E91B5341A500BEBC40 /* LoginVC.m in Sources */ = {isa = PBXBuildFile; fileRef = FB1067E81B5341A500BEBC40 /* LoginVC.m */; };
		FB1067EC1B5341D600BEBC40 /* SignupVC.m in Sources */ = {isa = PBXBuildFile; fileRef = FB1067EB1B5341D600BEBC40 /* SignupVC.m */; };
		FB1067F01B535B4C00BEBC40 /* LoginTableCtrl.m in Sources */ = {isa = PBXBuildFile; fileRef = FB1067EF1B535B4C00BEBC40 /* LoginTableCtrl.m */; };
		FB265B431BC37FAB0094AC37 /* Person.m in Sources */ = {isa = PBXBuildFile; fileRef = FB265B421BC37FAB0094AC37 /* Person.m */; settings = {ASSET_TAGS = (); }; };
		FB484A391B4FD0DB0045A6EA /* NSString+URLEncoding.m in Sources */ = {isa = PBXBuildFile; fileRef = FB484A381B4FD0DB0045A6EA /* NSString+URLEncoding.m */; };
		FB484A3F1B4FD12F0045A6EA /* Graphics.m in Sources */ = {isa = PBXBuildFile; fileRef = FB484A3E1B4FD12F0045A6EA /* Graphics.m */; };
		FB484A421B4FD3E60045A6EA /* Constants.m in Sources */ = {isa = PBXBuildFile; fileRef = FB484A411B4FD3E60045A6EA /* Constants.m */; };
		FB484A431B4FD3E60045A6EA /* Constants.m in Sources */ = {isa = PBXBuildFile; fileRef = FB484A411B4FD3E60045A6EA /* Constants.m */; };
		FB484A4D1B4FD40A0045A6EA /* OrderedDictionary.m in Sources */ = {isa = PBXBuildFile; fileRef = FB484A461B4FD40A0045A6EA /* OrderedDictionary.m */; };
		FB484A4E1B4FD40A0045A6EA /* OrderedDictionary.m in Sources */ = {isa = PBXBuildFile; fileRef = FB484A461B4FD40A0045A6EA /* OrderedDictionary.m */; };
		FB484A4F1B4FD40A0045A6EA /* Reachability.m in Sources */ = {isa = PBXBuildFile; fileRef = FB484A481B4FD40A0045A6EA /* Reachability.m */; };
		FB484A501B4FD40A0045A6EA /* Reachability.m in Sources */ = {isa = PBXBuildFile; fileRef = FB484A481B4FD40A0045A6EA /* Reachability.m */; };
		FB484A511B4FD40A0045A6EA /* UIDevice+Hardware.m in Sources */ = {isa = PBXBuildFile; fileRef = FB484A4A1B4FD40A0045A6EA /* UIDevice+Hardware.m */; };
		FB484A521B4FD40A0045A6EA /* UIDevice+Hardware.m in Sources */ = {isa = PBXBuildFile; fileRef = FB484A4A1B4FD40A0045A6EA /* UIDevice+Hardware.m */; };
		FB484A531B4FD40A0045A6EA /* Utils.m in Sources */ = {isa = PBXBuildFile; fileRef = FB484A4C1B4FD40A0045A6EA /* Utils.m */; };
		FB484A541B4FD40A0045A6EA /* Utils.m in Sources */ = {isa = PBXBuildFile; fileRef = FB484A4C1B4FD40A0045A6EA /* Utils.m */; };
		FB484A581B50BE370045A6EA /* AppColor.m in Sources */ = {isa = PBXBuildFile; fileRef = FB484A571B50BE370045A6EA /* AppColor.m */; };
		FB484A5B1B50BE410045A6EA /* AppColorScheme.m in Sources */ = {isa = PBXBuildFile; fileRef = FB484A5A1B50BE410045A6EA /* AppColorScheme.m */; };
		FB484A5E1B50BE4E0045A6EA /* ThemeManager.m in Sources */ = {isa = PBXBuildFile; fileRef = FB484A5D1B50BE4E0045A6EA /* ThemeManager.m */; };
		FB484A621B50BE910045A6EA /* RoundCornerButton.m in Sources */ = {isa = PBXBuildFile; fileRef = FB484A611B50BE910045A6EA /* RoundCornerButton.m */; };
		FB484A721B50C5FB0045A6EA /* LobsterTwo-Bold.otf in Resources */ = {isa = PBXBuildFile; fileRef = FB484A6D1B50C5FB0045A6EA /* LobsterTwo-Bold.otf */; };
		FB484A731B50C5FB0045A6EA /* LobsterTwo-BoldItalic.otf in Resources */ = {isa = PBXBuildFile; fileRef = FB484A6E1B50C5FB0045A6EA /* LobsterTwo-BoldItalic.otf */; };
		FB484A741B50C5FB0045A6EA /* LobsterTwo-Italic.otf in Resources */ = {isa = PBXBuildFile; fileRef = FB484A6F1B50C5FB0045A6EA /* LobsterTwo-Italic.otf */; };
		FB484A751B50C5FB0045A6EA /* LobsterTwo-Regular.otf in Resources */ = {isa = PBXBuildFile; fileRef = FB484A701B50C5FB0045A6EA /* LobsterTwo-Regular.otf */; };
		FB484A8B1B50C6130045A6EA /* Lato-Black.ttf in Resources */ = {isa = PBXBuildFile; fileRef = FB484A781B50C6130045A6EA /* Lato-Black.ttf */; };
		FB484A8C1B50C6130045A6EA /* Lato-BlackItalic.ttf in Resources */ = {isa = PBXBuildFile; fileRef = FB484A791B50C6130045A6EA /* Lato-BlackItalic.ttf */; };
		FB484A8D1B50C6130045A6EA /* Lato-Bold.ttf in Resources */ = {isa = PBXBuildFile; fileRef = FB484A7A1B50C6130045A6EA /* Lato-Bold.ttf */; };
		FB484A8E1B50C6130045A6EA /* Lato-BoldItalic.ttf in Resources */ = {isa = PBXBuildFile; fileRef = FB484A7B1B50C6130045A6EA /* Lato-BoldItalic.ttf */; };
		FB484A8F1B50C6130045A6EA /* Lato-Hairline.ttf in Resources */ = {isa = PBXBuildFile; fileRef = FB484A7C1B50C6130045A6EA /* Lato-Hairline.ttf */; };
		FB484A901B50C6130045A6EA /* Lato-HairlineItalic.ttf in Resources */ = {isa = PBXBuildFile; fileRef = FB484A7D1B50C6130045A6EA /* Lato-HairlineItalic.ttf */; };
		FB484A911B50C6130045A6EA /* Lato-Heavy.ttf in Resources */ = {isa = PBXBuildFile; fileRef = FB484A7E1B50C6130045A6EA /* Lato-Heavy.ttf */; };
		FB484A921B50C6130045A6EA /* Lato-HeavyItalic.ttf in Resources */ = {isa = PBXBuildFile; fileRef = FB484A7F1B50C6130045A6EA /* Lato-HeavyItalic.ttf */; };
		FB484A931B50C6130045A6EA /* Lato-Italic.ttf in Resources */ = {isa = PBXBuildFile; fileRef = FB484A801B50C6130045A6EA /* Lato-Italic.ttf */; };
		FB484A941B50C6130045A6EA /* Lato-Light.ttf in Resources */ = {isa = PBXBuildFile; fileRef = FB484A811B50C6130045A6EA /* Lato-Light.ttf */; };
		FB484A951B50C6130045A6EA /* Lato-LightItalic.ttf in Resources */ = {isa = PBXBuildFile; fileRef = FB484A821B50C6130045A6EA /* Lato-LightItalic.ttf */; };
		FB484A961B50C6130045A6EA /* Lato-Medium.ttf in Resources */ = {isa = PBXBuildFile; fileRef = FB484A831B50C6130045A6EA /* Lato-Medium.ttf */; };
		FB484A971B50C6130045A6EA /* Lato-MediumItalic.ttf in Resources */ = {isa = PBXBuildFile; fileRef = FB484A841B50C6130045A6EA /* Lato-MediumItalic.ttf */; };
		FB484A981B50C6130045A6EA /* Lato-Regular.ttf in Resources */ = {isa = PBXBuildFile; fileRef = FB484A851B50C6130045A6EA /* Lato-Regular.ttf */; };
		FB484A991B50C6130045A6EA /* Lato-Semibold.ttf in Resources */ = {isa = PBXBuildFile; fileRef = FB484A861B50C6130045A6EA /* Lato-Semibold.ttf */; };
		FB484A9A1B50C6130045A6EA /* Lato-SemiboldItalic.ttf in Resources */ = {isa = PBXBuildFile; fileRef = FB484A871B50C6130045A6EA /* Lato-SemiboldItalic.ttf */; };
		FB484A9B1B50C6130045A6EA /* Lato-Thin.ttf in Resources */ = {isa = PBXBuildFile; fileRef = FB484A881B50C6130045A6EA /* Lato-Thin.ttf */; };
		FB484A9C1B50C6130045A6EA /* Lato-ThinItalic.ttf in Resources */ = {isa = PBXBuildFile; fileRef = FB484A891B50C6130045A6EA /* Lato-ThinItalic.ttf */; };
		FB4BCBD11BCD6FA7009F853E /* ProfileNameInfoCell.m in Sources */ = {isa = PBXBuildFile; fileRef = FB4BCBCF1BCD6FA7009F853E /* ProfileNameInfoCell.m */; settings = {ASSET_TAGS = (); }; };
		FB4BCBD21BCD6FA7009F853E /* ProfileNameInfoCell.xib in Resources */ = {isa = PBXBuildFile; fileRef = FB4BCBD01BCD6FA7009F853E /* ProfileNameInfoCell.xib */; settings = {ASSET_TAGS = (); }; };
		FB4DB9381BCDC88300C1466D /* WebClient.m in Sources */ = {isa = PBXBuildFile; fileRef = FB4DB9371BCDC88300C1466D /* WebClient.m */; settings = {ASSET_TAGS = (); }; };
		FB4DB9411BCE9F5200C1466D /* EditProfileVC.m in Sources */ = {isa = PBXBuildFile; fileRef = FB4DB9401BCE9F5200C1466D /* EditProfileVC.m */; settings = {ASSET_TAGS = (); }; };
		FB4ED0251BCC843200E9F379 /* AddEditPetProfileVC.m in Sources */ = {isa = PBXBuildFile; fileRef = FB4ED0241BCC843200E9F379 /* AddEditPetProfileVC.m */; settings = {ASSET_TAGS = (); }; };
		FB5050301BC4CBB40037F3E5 /* Address.m in Sources */ = {isa = PBXBuildFile; fileRef = FB50502F1BC4CBB40037F3E5 /* Address.m */; settings = {ASSET_TAGS = (); }; };
		FB5050331BC4D0B10037F3E5 /* Date.m in Sources */ = {isa = PBXBuildFile; fileRef = FB5050321BC4D0B10037F3E5 /* Date.m */; settings = {ASSET_TAGS = (); }; };
		FB5050391BC4D1E70037F3E5 /* JSONValueTransformer+Date.m in Sources */ = {isa = PBXBuildFile; fileRef = FB5050381BC4D1E70037F3E5 /* JSONValueTransformer+Date.m */; settings = {ASSET_TAGS = (); }; };
		FB5BB63E1BD5050800A382AC /* InputTableView.m in Sources */ = {isa = PBXBuildFile; fileRef = FB5BB63D1BD5050800A382AC /* InputTableView.m */; settings = {ASSET_TAGS = (); }; };
		FB5BB6411BD52ABE00A382AC /* KeyboardBar.m in Sources */ = {isa = PBXBuildFile; fileRef = FB5BB6401BD52ABE00A382AC /* KeyboardBar.m */; settings = {ASSET_TAGS = (); }; };
		FB5BB6441BD52BA900A382AC /* FeedDetailTableVC.m in Sources */ = {isa = PBXBuildFile; fileRef = FB5BB6431BD52BA900A382AC /* FeedDetailTableVC.m */; settings = {ASSET_TAGS = (); }; };
		FB5E1EBC1BC9DDAB00897CA2 /* FeedVC.m in Sources */ = {isa = PBXBuildFile; fileRef = FB5E1EBB1BC9DDAB00897CA2 /* FeedVC.m */; settings = {ASSET_TAGS = (); }; };
		FB5E1EBF1BC9E2CE00897CA2 /* PetProfileVC.m in Sources */ = {isa = PBXBuildFile; fileRef = FB5E1EBE1BC9E2CE00897CA2 /* PetProfileVC.m */; settings = {ASSET_TAGS = (); }; };
		FB5E1EC61BCA944C00897CA2 /* TextFieldTableCell.m in Sources */ = {isa = PBXBuildFile; fileRef = FB5E1EC41BCA944C00897CA2 /* TextFieldTableCell.m */; settings = {ASSET_TAGS = (); }; };
		FB5E1EC71BCA944C00897CA2 /* TextFieldTableCell.xib in Resources */ = {isa = PBXBuildFile; fileRef = FB5E1EC51BCA944C00897CA2 /* TextFieldTableCell.xib */; settings = {ASSET_TAGS = (); }; };
		FB5E1ECA1BCA9DA400897CA2 /* DateFormatterFactory.m in Sources */ = {isa = PBXBuildFile; fileRef = FB5E1EC91BCA9DA400897CA2 /* DateFormatterFactory.m */; settings = {ASSET_TAGS = (); }; };
		FB5E1ECE1BCABF7000897CA2 /* ProfileAddressInfoCell.m in Sources */ = {isa = PBXBuildFile; fileRef = FB5E1ECC1BCABF7000897CA2 /* ProfileAddressInfoCell.m */; settings = {ASSET_TAGS = (); }; };
		FB5E1ECF1BCABF7000897CA2 /* ProfileAddressInfoCell.xib in Resources */ = {isa = PBXBuildFile; fileRef = FB5E1ECD1BCABF7000897CA2 /* ProfileAddressInfoCell.xib */; settings = {ASSET_TAGS = (); }; };
		FB5E1ED31BCB0FD800897CA2 /* TextViewTableCell.m in Sources */ = {isa = PBXBuildFile; fileRef = FB5E1ED11BCB0FD800897CA2 /* TextViewTableCell.m */; settings = {ASSET_TAGS = (); }; };
		FB5E1ED41BCB0FD800897CA2 /* TextViewTableCell.xib in Resources */ = {isa = PBXBuildFile; fileRef = FB5E1ED21BCB0FD800897CA2 /* TextViewTableCell.xib */; settings = {ASSET_TAGS = (); }; };
		FB6C27331B6ED1EF0002034A /* Pet2ShareService.m in Sources */ = {isa = PBXBuildFile; fileRef = FB6C27321B6ED1EF0002034A /* Pet2ShareService.m */; };
		FB6C273D1B6ED2950002034A /* UrlManager.m in Sources */ = {isa = PBXBuildFile; fileRef = FB6C273C1B6ED2950002034A /* UrlManager.m */; };
		FB95D1661BD28B7700254B06 /* Post.m in Sources */ = {isa = PBXBuildFile; fileRef = FB95D1651BD28B7700254B06 /* Post.m */; settings = {ASSET_TAGS = (); }; };
		FB95D1691BD28ED900254B06 /* Comment.m in Sources */ = {isa = PBXBuildFile; fileRef = FB95D1681BD28ED900254B06 /* Comment.m */; settings = {ASSET_TAGS = (); }; };
		FB95D1751BD2B30E00254B06 /* PostTextCell.m in Sources */ = {isa = PBXBuildFile; fileRef = FB95D1731BD2B30E00254B06 /* PostTextCell.m */; settings = {ASSET_TAGS = (); }; };
		FB95D1761BD2B30E00254B06 /* PostTextCell.xib in Resources */ = {isa = PBXBuildFile; fileRef = FB95D1741BD2B30E00254B06 /* PostTextCell.xib */; settings = {ASSET_TAGS = (); }; };
		FB95D1791BD2CCCA00254B06 /* FeedDetailVC.m in Sources */ = {isa = PBXBuildFile; fileRef = FB95D1781BD2CCCA00254B06 /* FeedDetailVC.m */; settings = {ASSET_TAGS = (); }; };
		FB95D17D1BD2E38A00254B06 /* CommentCell.m in Sources */ = {isa = PBXBuildFile; fileRef = FB95D17B1BD2E38A00254B06 /* CommentCell.m */; settings = {ASSET_TAGS = (); }; };
		FB95D17E1BD2E38A00254B06 /* CommentCell.xib in Resources */ = {isa = PBXBuildFile; fileRef = FB95D17C1BD2E38A00254B06 /* CommentCell.xib */; settings = {ASSET_TAGS = (); }; };
		FB95D1841BD2EB0000254B06 /* PostHeaderView.m in Sources */ = {isa = PBXBuildFile; fileRef = FB95D1831BD2EB0000254B06 /* PostHeaderView.m */; settings = {ASSET_TAGS = (); }; };
		FB95D1861BD2EB4800254B06 /* PostHeaderView.xib in Resources */ = {isa = PBXBuildFile; fileRef = FB95D1851BD2EB4800254B06 /* PostHeaderView.xib */; settings = {ASSET_TAGS = (); }; };
		FB95D1921BD309EF00254B06 /* PostDetailTextCell.m in Sources */ = {isa = PBXBuildFile; fileRef = FB95D1901BD309EF00254B06 /* PostDetailTextCell.m */; settings = {ASSET_TAGS = (); }; };
		FB95D1931BD309EF00254B06 /* PostDetailTextCell.xib in Resources */ = {isa = PBXBuildFile; fileRef = FB95D1911BD309EF00254B06 /* PostDetailTextCell.xib */; settings = {ASSET_TAGS = (); }; };
		FB9AC5261BD1560A00B0DF25 /* NewPostVC.m in Sources */ = {isa = PBXBuildFile; fileRef = FB9AC5251BD1560A00B0DF25 /* NewPostVC.m */; settings = {ASSET_TAGS = (); }; };
		FB9AC5291BD1919200B0DF25 /* PlaceHolderTextView.m in Sources */ = {isa = PBXBuildFile; fileRef = FB9AC5281BD1919200B0DF25 /* PlaceHolderTextView.m */; settings = {ASSET_TAGS = (); }; };
		FBA2A3601BCDAD8800368D39 /* ImageActionSheet.m in Sources */ = {isa = PBXBuildFile; fileRef = FBA2A35F1BCDAD8800368D39 /* ImageActionSheet.m */; settings = {ASSET_TAGS = (); }; };
		FBA3F6B91BC5555E0094288D /* SignUpTableCtrl.m in Sources */ = {isa = PBXBuildFile; fileRef = FBA3F6B81BC5555E0094288D /* SignUpTableCtrl.m */; settings = {ASSET_TAGS = (); }; };
		FBB531141B9BA8A7004D5DA2 /* ResponseObject.m in Sources */ = {isa = PBXBuildFile; fileRef = FBB531131B9BA8A7004D5DA2 /* ResponseObject.m */; };
		FBCDC9A81BC3381B00808E30 /* ErrorMessage.m in Sources */ = {isa = PBXBuildFile; fileRef = FBCDC9A21BC3381B00808E30 /* ErrorMessage.m */; settings = {ASSET_TAGS = (); }; };
		FBCDC9A91BC3381B00808E30 /* RepositoryObject.m in Sources */ = {isa = PBXBuildFile; fileRef = FBCDC9A41BC3381B00808E30 /* RepositoryObject.m */; settings = {ASSET_TAGS = (); }; };
		FBCDC9AA1BC3381B00808E30 /* User.m in Sources */ = {isa = PBXBuildFile; fileRef = FBCDC9A61BC3381B00808E30 /* User.m */; settings = {ASSET_TAGS = (); }; };
		FBCEA4321B4CC3E000497678 /* main.m in Sources */ = {isa = PBXBuildFile; fileRef = FBCEA4311B4CC3E000497678 /* main.m */; };
		FBCEA4351B4CC3E000497678 /* Pet2ShareDelegate.m in Sources */ = {isa = PBXBuildFile; fileRef = FBCEA4341B4CC3E000497678 /* Pet2ShareDelegate.m */; };
		FBCEA43B1B4CC3E000497678 /* Pet2Share.storyboard in Resources */ = {isa = PBXBuildFile; fileRef = FBCEA4391B4CC3E000497678 /* Pet2Share.storyboard */; };
		FBCEA43D1B4CC3E000497678 /* Images.xcassets in Resources */ = {isa = PBXBuildFile; fileRef = FBCEA43C1B4CC3E000497678 /* Images.xcassets */; };
		FBCEA4401B4CC3E000497678 /* LaunchScreen.xib in Resources */ = {isa = PBXBuildFile; fileRef = FBCEA43E1B4CC3E000497678 /* LaunchScreen.xib */; };
		FBCF4A6B1BC5876000C75066 /* Pet2ShareUser.m in Sources */ = {isa = PBXBuildFile; fileRef = FBCF4A6A1BC5876000C75066 /* Pet2ShareUser.m */; settings = {ASSET_TAGS = (); }; };
		FBCF4A761BC5B28700C75066 /* UserProfileVC.m in Sources */ = {isa = PBXBuildFile; fileRef = FBCF4A751BC5B28700C75066 /* UserProfileVC.m */; settings = {ASSET_TAGS = (); }; };
		FBCF4A7E1BC6888C00C75066 /* CircleImageView.m in Sources */ = {isa = PBXBuildFile; fileRef = FBCF4A7D1BC6888C00C75066 /* CircleImageView.m */; settings = {ASSET_TAGS = (); }; };
		FBCF4A821BC68CF200C75066 /* PetCollectionCell.m in Sources */ = {isa = PBXBuildFile; fileRef = FBCF4A801BC68CF200C75066 /* PetCollectionCell.m */; settings = {ASSET_TAGS = (); }; };
		FBCF4A831BC68CF200C75066 /* PetCollectionCell.xib in Resources */ = {isa = PBXBuildFile; fileRef = FBCF4A811BC68CF200C75066 /* PetCollectionCell.xib */; settings = {ASSET_TAGS = (); }; };
		FBCF4A871BC698B700C75066 /* ProfileHeaderCell.m in Sources */ = {isa = PBXBuildFile; fileRef = FBCF4A851BC698B700C75066 /* ProfileHeaderCell.m */; settings = {ASSET_TAGS = (); }; };
		FBCF4A881BC698B700C75066 /* ProfileHeaderCell.xib in Resources */ = {isa = PBXBuildFile; fileRef = FBCF4A861BC698B700C75066 /* ProfileHeaderCell.xib */; settings = {ASSET_TAGS = (); }; };
		FBCF4A8B1BC6B82400C75066 /* ButtonTabbarController.m in Sources */ = {isa = PBXBuildFile; fileRef = FBCF4A8A1BC6B82400C75066 /* ButtonTabbarController.m */; settings = {ASSET_TAGS = (); }; };
		FBCF4A8E1BC6CF2E00C75066 /* PostsVC.m in Sources */ = {isa = PBXBuildFile; fileRef = FBCF4A8D1BC6CF2E00C75066 /* PostsVC.m */; settings = {ASSET_TAGS = (); }; };
		FBCF4A921BC6CF5800C75066 /* PostCollectionCell.m in Sources */ = {isa = PBXBuildFile; fileRef = FBCF4A901BC6CF5800C75066 /* PostCollectionCell.m */; settings = {ASSET_TAGS = (); }; };
		FBCF4A931BC6CF5800C75066 /* PostCollectionCell.xib in Resources */ = {isa = PBXBuildFile; fileRef = FBCF4A911BC6CF5800C75066 /* PostCollectionCell.xib */; settings = {ASSET_TAGS = (); }; };
		FBCF4A991BC6CF6B00C75066 /* CollectionViewController.m in Sources */ = {isa = PBXBuildFile; fileRef = FBCF4A961BC6CF6B00C75066 /* CollectionViewController.m */; settings = {ASSET_TAGS = (); }; };
		FBCF4A9A1BC6CF6B00C75066 /* CollectionViewLayout.m in Sources */ = {isa = PBXBuildFile; fileRef = FBCF4A981BC6CF6B00C75066 /* CollectionViewLayout.m */; settings = {ASSET_TAGS = (); }; };
		FBCF4A9D1BC7076200C75066 /* EditUserProfileVC.m in Sources */ = {isa = PBXBuildFile; fileRef = FBCF4A9C1BC7076200C75066 /* EditUserProfileVC.m */; settings = {ASSET_TAGS = (); }; };
		FBCF4AA01BC7116400C75066 /* ActivityView.m in Sources */ = {isa = PBXBuildFile; fileRef = FBCF4A9F1BC7116400C75066 /* ActivityView.m */; settings = {ASSET_TAGS = (); }; };
		FBCF4AA41BC72E9D00C75066 /* ProfileBasicInfoCell.m in Sources */ = {isa = PBXBuildFile; fileRef = FBCF4AA21BC72E9D00C75066 /* ProfileBasicInfoCell.m */; settings = {ASSET_TAGS = (); }; };
		FBCF4AA51BC72E9D00C75066 /* ProfileBasicInfoCell.xib in Resources */ = {isa = PBXBuildFile; fileRef = FBCF4AA31BC72E9D00C75066 /* ProfileBasicInfoCell.xib */; settings = {ASSET_TAGS = (); }; };
		FBCF4AB71BC81BC900C75066 /* UpdateMessage.m in Sources */ = {isa = PBXBuildFile; fileRef = FBCF4AB61BC81BC900C75066 /* UpdateMessage.m */; settings = {ASSET_TAGS = (); }; };
		FBCF4ABA1BC8641B00C75066 /* Pet.m in Sources */ = {isa = PBXBuildFile; fileRef = FBCF4AB91BC8641B00C75066 /* Pet.m */; settings = {ASSET_TAGS = (); }; };
		FBCF4ABD1BC8691700C75066 /* PetType.m in Sources */ = {isa = PBXBuildFile; fileRef = FBCF4ABC1BC8691700C75066 /* PetType.m */; settings = {ASSET_TAGS = (); }; };
		FBD3938F1B50D9DB000ED817 /* BaseNavigationVC.m in Sources */ = {isa = PBXBuildFile; fileRef = FBD3938E1B50D9DB000ED817 /* BaseNavigationVC.m */; };
		FBFC5CEA1BCF5C8600312F31 /* CacheKey.m in Sources */ = {isa = PBXBuildFile; fileRef = FBFC5CE91BCF5C8600312F31 /* CacheKey.m */; settings = {ASSET_TAGS = (); }; };
		FBFC5CED1BCF636F00312F31 /* AppData.m in Sources */ = {isa = PBXBuildFile; fileRef = FBFC5CEC1BCF636F00312F31 /* AppData.m */; settings = {ASSET_TAGS = (); }; };
/* End PBXBuildFile section */

/* Begin PBXContainerItemProxy section */
		FBCEA4461B4CC3E000497678 /* PBXContainerItemProxy */ = {
			isa = PBXContainerItemProxy;
			containerPortal = FBCEA4241B4CC3E000497678 /* Project object */;
			proxyType = 1;
			remoteGlobalIDString = FBCEA42B1B4CC3E000497678;
			remoteInfo = pet2share;
		};
/* End PBXContainerItemProxy section */

/* Begin PBXFileReference section */
		2D8E6D407B06EEEE9C8600F7 /* Pods.debug.xcconfig */ = {isa = PBXFileReference; includeInIndex = 1; lastKnownFileType = text.xcconfig; name = Pods.debug.xcconfig; path = "Pods/Target Support Files/Pods/Pods.debug.xcconfig"; sourceTree = "<group>"; };
		D685707DD3766C3EB6E23122 /* libPods.a */ = {isa = PBXFileReference; explicitFileType = archive.ar; includeInIndex = 0; path = libPods.a; sourceTree = BUILT_PRODUCTS_DIR; };
		E39AC5D91F18CB45AD8327A2 /* Pods.release.xcconfig */ = {isa = PBXFileReference; includeInIndex = 1; lastKnownFileType = text.xcconfig; name = Pods.release.xcconfig; path = "Pods/Target Support Files/Pods/Pods.release.xcconfig"; sourceTree = "<group>"; };
		FB1067E71B5341A500BEBC40 /* LoginVC.h */ = {isa = PBXFileReference; fileEncoding = 4; lastKnownFileType = sourcecode.c.h; path = LoginVC.h; sourceTree = "<group>"; };
		FB1067E81B5341A500BEBC40 /* LoginVC.m */ = {isa = PBXFileReference; fileEncoding = 4; lastKnownFileType = sourcecode.c.objc; path = LoginVC.m; sourceTree = "<group>"; };
		FB1067EA1B5341D600BEBC40 /* SignupVC.h */ = {isa = PBXFileReference; fileEncoding = 4; lastKnownFileType = sourcecode.c.h; path = SignupVC.h; sourceTree = "<group>"; };
		FB1067EB1B5341D600BEBC40 /* SignupVC.m */ = {isa = PBXFileReference; fileEncoding = 4; lastKnownFileType = sourcecode.c.objc; path = SignupVC.m; sourceTree = "<group>"; };
		FB1067ED1B53449200BEBC40 /* BaseNavigationProtocol.h */ = {isa = PBXFileReference; lastKnownFileType = sourcecode.c.h; path = BaseNavigationProtocol.h; sourceTree = "<group>"; };
		FB1067EE1B535B4C00BEBC40 /* LoginTableCtrl.h */ = {isa = PBXFileReference; fileEncoding = 4; lastKnownFileType = sourcecode.c.h; path = LoginTableCtrl.h; sourceTree = "<group>"; };
		FB1067EF1B535B4C00BEBC40 /* LoginTableCtrl.m */ = {isa = PBXFileReference; fileEncoding = 4; lastKnownFileType = sourcecode.c.objc; path = LoginTableCtrl.m; sourceTree = "<group>"; };
		FB1067F11B535F0F00BEBC40 /* FormProtocol.h */ = {isa = PBXFileReference; fileEncoding = 4; lastKnownFileType = sourcecode.c.h; path = FormProtocol.h; sourceTree = "<group>"; };
		FB265B411BC37FAB0094AC37 /* Person.h */ = {isa = PBXFileReference; fileEncoding = 4; lastKnownFileType = sourcecode.c.h; path = Person.h; sourceTree = "<group>"; };
		FB265B421BC37FAB0094AC37 /* Person.m */ = {isa = PBXFileReference; fileEncoding = 4; lastKnownFileType = sourcecode.c.objc; path = Person.m; sourceTree = "<group>"; };
		FB484A371B4FD0DB0045A6EA /* NSString+URLEncoding.h */ = {isa = PBXFileReference; fileEncoding = 4; lastKnownFileType = sourcecode.c.h; path = "NSString+URLEncoding.h"; sourceTree = "<group>"; };
		FB484A381B4FD0DB0045A6EA /* NSString+URLEncoding.m */ = {isa = PBXFileReference; fileEncoding = 4; lastKnownFileType = sourcecode.c.objc; path = "NSString+URLEncoding.m"; sourceTree = "<group>"; };
		FB484A3D1B4FD12F0045A6EA /* Graphics.h */ = {isa = PBXFileReference; fileEncoding = 4; lastKnownFileType = sourcecode.c.h; path = Graphics.h; sourceTree = "<group>"; };
		FB484A3E1B4FD12F0045A6EA /* Graphics.m */ = {isa = PBXFileReference; fileEncoding = 4; lastKnownFileType = sourcecode.c.objc; path = Graphics.m; sourceTree = "<group>"; };
		FB484A401B4FD3E60045A6EA /* Constants.h */ = {isa = PBXFileReference; fileEncoding = 4; lastKnownFileType = sourcecode.c.h; path = Constants.h; sourceTree = "<group>"; };
		FB484A411B4FD3E60045A6EA /* Constants.m */ = {isa = PBXFileReference; fileEncoding = 4; lastKnownFileType = sourcecode.c.objc; path = Constants.m; sourceTree = "<group>"; };
		FB484A441B4FD40A0045A6EA /* Logger.h */ = {isa = PBXFileReference; fileEncoding = 4; lastKnownFileType = sourcecode.c.h; path = Logger.h; sourceTree = "<group>"; };
		FB484A451B4FD40A0045A6EA /* OrderedDictionary.h */ = {isa = PBXFileReference; fileEncoding = 4; lastKnownFileType = sourcecode.c.h; path = OrderedDictionary.h; sourceTree = "<group>"; };
		FB484A461B4FD40A0045A6EA /* OrderedDictionary.m */ = {isa = PBXFileReference; fileEncoding = 4; lastKnownFileType = sourcecode.c.objc; path = OrderedDictionary.m; sourceTree = "<group>"; };
		FB484A471B4FD40A0045A6EA /* Reachability.h */ = {isa = PBXFileReference; fileEncoding = 4; lastKnownFileType = sourcecode.c.h; path = Reachability.h; sourceTree = "<group>"; };
		FB484A481B4FD40A0045A6EA /* Reachability.m */ = {isa = PBXFileReference; fileEncoding = 4; lastKnownFileType = sourcecode.c.objc; path = Reachability.m; sourceTree = "<group>"; };
		FB484A491B4FD40A0045A6EA /* UIDevice+Hardware.h */ = {isa = PBXFileReference; fileEncoding = 4; lastKnownFileType = sourcecode.c.h; path = "UIDevice+Hardware.h"; sourceTree = "<group>"; };
		FB484A4A1B4FD40A0045A6EA /* UIDevice+Hardware.m */ = {isa = PBXFileReference; fileEncoding = 4; lastKnownFileType = sourcecode.c.objc; path = "UIDevice+Hardware.m"; sourceTree = "<group>"; };
		FB484A4B1B4FD40A0045A6EA /* Utils.h */ = {isa = PBXFileReference; fileEncoding = 4; lastKnownFileType = sourcecode.c.h; path = Utils.h; sourceTree = "<group>"; };
		FB484A4C1B4FD40A0045A6EA /* Utils.m */ = {isa = PBXFileReference; fileEncoding = 4; lastKnownFileType = sourcecode.c.objc; path = Utils.m; sourceTree = "<group>"; };
		FB484A561B50BE370045A6EA /* AppColor.h */ = {isa = PBXFileReference; fileEncoding = 4; lastKnownFileType = sourcecode.c.h; path = AppColor.h; sourceTree = "<group>"; };
		FB484A571B50BE370045A6EA /* AppColor.m */ = {isa = PBXFileReference; fileEncoding = 4; lastKnownFileType = sourcecode.c.objc; path = AppColor.m; sourceTree = "<group>"; };
		FB484A591B50BE410045A6EA /* AppColorScheme.h */ = {isa = PBXFileReference; fileEncoding = 4; lastKnownFileType = sourcecode.c.h; path = AppColorScheme.h; sourceTree = "<group>"; };
		FB484A5A1B50BE410045A6EA /* AppColorScheme.m */ = {isa = PBXFileReference; fileEncoding = 4; lastKnownFileType = sourcecode.c.objc; path = AppColorScheme.m; sourceTree = "<group>"; };
		FB484A5C1B50BE4E0045A6EA /* ThemeManager.h */ = {isa = PBXFileReference; fileEncoding = 4; lastKnownFileType = sourcecode.c.h; path = ThemeManager.h; sourceTree = "<group>"; };
		FB484A5D1B50BE4E0045A6EA /* ThemeManager.m */ = {isa = PBXFileReference; fileEncoding = 4; lastKnownFileType = sourcecode.c.objc; path = ThemeManager.m; sourceTree = "<group>"; };
		FB484A601B50BE910045A6EA /* RoundCornerButton.h */ = {isa = PBXFileReference; fileEncoding = 4; lastKnownFileType = sourcecode.c.h; path = RoundCornerButton.h; sourceTree = "<group>"; };
		FB484A611B50BE910045A6EA /* RoundCornerButton.m */ = {isa = PBXFileReference; fileEncoding = 4; lastKnownFileType = sourcecode.c.objc; path = RoundCornerButton.m; sourceTree = "<group>"; };
		FB484A6D1B50C5FB0045A6EA /* LobsterTwo-Bold.otf */ = {isa = PBXFileReference; lastKnownFileType = file; path = "LobsterTwo-Bold.otf"; sourceTree = "<group>"; };
		FB484A6E1B50C5FB0045A6EA /* LobsterTwo-BoldItalic.otf */ = {isa = PBXFileReference; lastKnownFileType = file; path = "LobsterTwo-BoldItalic.otf"; sourceTree = "<group>"; };
		FB484A6F1B50C5FB0045A6EA /* LobsterTwo-Italic.otf */ = {isa = PBXFileReference; lastKnownFileType = file; path = "LobsterTwo-Italic.otf"; sourceTree = "<group>"; };
		FB484A701B50C5FB0045A6EA /* LobsterTwo-Regular.otf */ = {isa = PBXFileReference; lastKnownFileType = file; path = "LobsterTwo-Regular.otf"; sourceTree = "<group>"; };
		FB484A711B50C5FB0045A6EA /* SIL Open Font License.txt */ = {isa = PBXFileReference; fileEncoding = 4; lastKnownFileType = text; path = "SIL Open Font License.txt"; sourceTree = "<group>"; };
		FB484A781B50C6130045A6EA /* Lato-Black.ttf */ = {isa = PBXFileReference; lastKnownFileType = file; path = "Lato-Black.ttf"; sourceTree = "<group>"; };
		FB484A791B50C6130045A6EA /* Lato-BlackItalic.ttf */ = {isa = PBXFileReference; lastKnownFileType = file; path = "Lato-BlackItalic.ttf"; sourceTree = "<group>"; };
		FB484A7A1B50C6130045A6EA /* Lato-Bold.ttf */ = {isa = PBXFileReference; lastKnownFileType = file; path = "Lato-Bold.ttf"; sourceTree = "<group>"; };
		FB484A7B1B50C6130045A6EA /* Lato-BoldItalic.ttf */ = {isa = PBXFileReference; lastKnownFileType = file; path = "Lato-BoldItalic.ttf"; sourceTree = "<group>"; };
		FB484A7C1B50C6130045A6EA /* Lato-Hairline.ttf */ = {isa = PBXFileReference; lastKnownFileType = file; path = "Lato-Hairline.ttf"; sourceTree = "<group>"; };
		FB484A7D1B50C6130045A6EA /* Lato-HairlineItalic.ttf */ = {isa = PBXFileReference; lastKnownFileType = file; path = "Lato-HairlineItalic.ttf"; sourceTree = "<group>"; };
		FB484A7E1B50C6130045A6EA /* Lato-Heavy.ttf */ = {isa = PBXFileReference; lastKnownFileType = file; path = "Lato-Heavy.ttf"; sourceTree = "<group>"; };
		FB484A7F1B50C6130045A6EA /* Lato-HeavyItalic.ttf */ = {isa = PBXFileReference; lastKnownFileType = file; path = "Lato-HeavyItalic.ttf"; sourceTree = "<group>"; };
		FB484A801B50C6130045A6EA /* Lato-Italic.ttf */ = {isa = PBXFileReference; lastKnownFileType = file; path = "Lato-Italic.ttf"; sourceTree = "<group>"; };
		FB484A811B50C6130045A6EA /* Lato-Light.ttf */ = {isa = PBXFileReference; lastKnownFileType = file; path = "Lato-Light.ttf"; sourceTree = "<group>"; };
		FB484A821B50C6130045A6EA /* Lato-LightItalic.ttf */ = {isa = PBXFileReference; lastKnownFileType = file; path = "Lato-LightItalic.ttf"; sourceTree = "<group>"; };
		FB484A831B50C6130045A6EA /* Lato-Medium.ttf */ = {isa = PBXFileReference; lastKnownFileType = file; path = "Lato-Medium.ttf"; sourceTree = "<group>"; };
		FB484A841B50C6130045A6EA /* Lato-MediumItalic.ttf */ = {isa = PBXFileReference; lastKnownFileType = file; path = "Lato-MediumItalic.ttf"; sourceTree = "<group>"; };
		FB484A851B50C6130045A6EA /* Lato-Regular.ttf */ = {isa = PBXFileReference; lastKnownFileType = file; path = "Lato-Regular.ttf"; sourceTree = "<group>"; };
		FB484A861B50C6130045A6EA /* Lato-Semibold.ttf */ = {isa = PBXFileReference; lastKnownFileType = file; path = "Lato-Semibold.ttf"; sourceTree = "<group>"; };
		FB484A871B50C6130045A6EA /* Lato-SemiboldItalic.ttf */ = {isa = PBXFileReference; lastKnownFileType = file; path = "Lato-SemiboldItalic.ttf"; sourceTree = "<group>"; };
		FB484A881B50C6130045A6EA /* Lato-Thin.ttf */ = {isa = PBXFileReference; lastKnownFileType = file; path = "Lato-Thin.ttf"; sourceTree = "<group>"; };
		FB484A891B50C6130045A6EA /* Lato-ThinItalic.ttf */ = {isa = PBXFileReference; lastKnownFileType = file; path = "Lato-ThinItalic.ttf"; sourceTree = "<group>"; };
		FB484A8A1B50C6130045A6EA /* SIL Open Font License.txt */ = {isa = PBXFileReference; fileEncoding = 4; lastKnownFileType = text; path = "SIL Open Font License.txt"; sourceTree = "<group>"; };
		FB4BCBCE1BCD6FA7009F853E /* ProfileNameInfoCell.h */ = {isa = PBXFileReference; fileEncoding = 4; lastKnownFileType = sourcecode.c.h; path = ProfileNameInfoCell.h; sourceTree = "<group>"; };
		FB4BCBCF1BCD6FA7009F853E /* ProfileNameInfoCell.m */ = {isa = PBXFileReference; fileEncoding = 4; lastKnownFileType = sourcecode.c.objc; path = ProfileNameInfoCell.m; sourceTree = "<group>"; };
		FB4BCBD01BCD6FA7009F853E /* ProfileNameInfoCell.xib */ = {isa = PBXFileReference; fileEncoding = 4; lastKnownFileType = file.xib; path = ProfileNameInfoCell.xib; sourceTree = "<group>"; };
		FB4DB9361BCDC88300C1466D /* WebClient.h */ = {isa = PBXFileReference; fileEncoding = 4; lastKnownFileType = sourcecode.c.h; path = WebClient.h; sourceTree = "<group>"; };
		FB4DB9371BCDC88300C1466D /* WebClient.m */ = {isa = PBXFileReference; fileEncoding = 4; lastKnownFileType = sourcecode.c.objc; path = WebClient.m; sourceTree = "<group>"; };
		FB4DB93F1BCE9F5200C1466D /* EditProfileVC.h */ = {isa = PBXFileReference; fileEncoding = 4; lastKnownFileType = sourcecode.c.h; path = EditProfileVC.h; sourceTree = "<group>"; };
		FB4DB9401BCE9F5200C1466D /* EditProfileVC.m */ = {isa = PBXFileReference; fileEncoding = 4; lastKnownFileType = sourcecode.c.objc; path = EditProfileVC.m; sourceTree = "<group>"; };
		FB4DB9421BCEBDB700C1466D /* CellConstants.h */ = {isa = PBXFileReference; lastKnownFileType = sourcecode.c.h; path = CellConstants.h; sourceTree = "<group>"; };
		FB4ED0231BCC843200E9F379 /* AddEditPetProfileVC.h */ = {isa = PBXFileReference; fileEncoding = 4; lastKnownFileType = sourcecode.c.h; path = AddEditPetProfileVC.h; sourceTree = "<group>"; };
		FB4ED0241BCC843200E9F379 /* AddEditPetProfileVC.m */ = {isa = PBXFileReference; fileEncoding = 4; lastKnownFileType = sourcecode.c.objc; path = AddEditPetProfileVC.m; sourceTree = "<group>"; };
		FB50502E1BC4CBB40037F3E5 /* Address.h */ = {isa = PBXFileReference; fileEncoding = 4; lastKnownFileType = sourcecode.c.h; path = Address.h; sourceTree = "<group>"; };
		FB50502F1BC4CBB40037F3E5 /* Address.m */ = {isa = PBXFileReference; fileEncoding = 4; lastKnownFileType = sourcecode.c.objc; path = Address.m; sourceTree = "<group>"; };
		FB5050311BC4D0B10037F3E5 /* Date.h */ = {isa = PBXFileReference; fileEncoding = 4; lastKnownFileType = sourcecode.c.h; path = Date.h; sourceTree = "<group>"; };
		FB5050321BC4D0B10037F3E5 /* Date.m */ = {isa = PBXFileReference; fileEncoding = 4; lastKnownFileType = sourcecode.c.objc; path = Date.m; sourceTree = "<group>"; };
		FB5050371BC4D1E70037F3E5 /* JSONValueTransformer+Date.h */ = {isa = PBXFileReference; fileEncoding = 4; lastKnownFileType = sourcecode.c.h; path = "JSONValueTransformer+Date.h"; sourceTree = "<group>"; };
		FB5050381BC4D1E70037F3E5 /* JSONValueTransformer+Date.m */ = {isa = PBXFileReference; fileEncoding = 4; lastKnownFileType = sourcecode.c.objc; path = "JSONValueTransformer+Date.m"; sourceTree = "<group>"; };
		FB535B691BC4610C00C6A3B3 /* libPods.a */ = {isa = PBXFileReference; lastKnownFileType = archive.ar; name = libPods.a; path = "Pods/../build/Debug-iphoneos/libPods.a"; sourceTree = "<group>"; };
		FB535B6B1BC461CD00C6A3B3 /* libJSONModel.a */ = {isa = PBXFileReference; lastKnownFileType = archive.ar; name = libJSONModel.a; path = "Pods/../build/Debug-iphoneos/libJSONModel.a"; sourceTree = "<group>"; };
		FB5BB63C1BD5050800A382AC /* InputTableView.h */ = {isa = PBXFileReference; fileEncoding = 4; lastKnownFileType = sourcecode.c.h; path = InputTableView.h; sourceTree = "<group>"; };
		FB5BB63D1BD5050800A382AC /* InputTableView.m */ = {isa = PBXFileReference; fileEncoding = 4; lastKnownFileType = sourcecode.c.objc; path = InputTableView.m; sourceTree = "<group>"; };
		FB5BB63F1BD52ABE00A382AC /* KeyboardBar.h */ = {isa = PBXFileReference; fileEncoding = 4; lastKnownFileType = sourcecode.c.h; path = KeyboardBar.h; sourceTree = "<group>"; };
		FB5BB6401BD52ABE00A382AC /* KeyboardBar.m */ = {isa = PBXFileReference; fileEncoding = 4; lastKnownFileType = sourcecode.c.objc; path = KeyboardBar.m; sourceTree = "<group>"; };
		FB5BB6421BD52BA900A382AC /* FeedDetailTableVC.h */ = {isa = PBXFileReference; fileEncoding = 4; lastKnownFileType = sourcecode.c.h; path = FeedDetailTableVC.h; sourceTree = "<group>"; };
		FB5BB6431BD52BA900A382AC /* FeedDetailTableVC.m */ = {isa = PBXFileReference; fileEncoding = 4; lastKnownFileType = sourcecode.c.objc; path = FeedDetailTableVC.m; sourceTree = "<group>"; };
		FB5E1EBA1BC9DDAB00897CA2 /* FeedVC.h */ = {isa = PBXFileReference; fileEncoding = 4; lastKnownFileType = sourcecode.c.h; path = FeedVC.h; sourceTree = "<group>"; };
		FB5E1EBB1BC9DDAB00897CA2 /* FeedVC.m */ = {isa = PBXFileReference; fileEncoding = 4; lastKnownFileType = sourcecode.c.objc; path = FeedVC.m; sourceTree = "<group>"; };
		FB5E1EBD1BC9E2CE00897CA2 /* PetProfileVC.h */ = {isa = PBXFileReference; fileEncoding = 4; lastKnownFileType = sourcecode.c.h; path = PetProfileVC.h; sourceTree = "<group>"; };
		FB5E1EBE1BC9E2CE00897CA2 /* PetProfileVC.m */ = {isa = PBXFileReference; fileEncoding = 4; lastKnownFileType = sourcecode.c.objc; path = PetProfileVC.m; sourceTree = "<group>"; };
		FB5E1EC31BCA944C00897CA2 /* TextFieldTableCell.h */ = {isa = PBXFileReference; fileEncoding = 4; lastKnownFileType = sourcecode.c.h; path = TextFieldTableCell.h; sourceTree = "<group>"; };
		FB5E1EC41BCA944C00897CA2 /* TextFieldTableCell.m */ = {isa = PBXFileReference; fileEncoding = 4; lastKnownFileType = sourcecode.c.objc; path = TextFieldTableCell.m; sourceTree = "<group>"; };
		FB5E1EC51BCA944C00897CA2 /* TextFieldTableCell.xib */ = {isa = PBXFileReference; fileEncoding = 4; lastKnownFileType = file.xib; path = TextFieldTableCell.xib; sourceTree = "<group>"; };
		FB5E1EC81BCA9DA400897CA2 /* DateFormatterFactory.h */ = {isa = PBXFileReference; fileEncoding = 4; lastKnownFileType = sourcecode.c.h; path = DateFormatterFactory.h; sourceTree = "<group>"; };
		FB5E1EC91BCA9DA400897CA2 /* DateFormatterFactory.m */ = {isa = PBXFileReference; fileEncoding = 4; lastKnownFileType = sourcecode.c.objc; path = DateFormatterFactory.m; sourceTree = "<group>"; };
		FB5E1ECB1BCABF7000897CA2 /* ProfileAddressInfoCell.h */ = {isa = PBXFileReference; fileEncoding = 4; lastKnownFileType = sourcecode.c.h; path = ProfileAddressInfoCell.h; sourceTree = "<group>"; };
		FB5E1ECC1BCABF7000897CA2 /* ProfileAddressInfoCell.m */ = {isa = PBXFileReference; fileEncoding = 4; lastKnownFileType = sourcecode.c.objc; path = ProfileAddressInfoCell.m; sourceTree = "<group>"; };
		FB5E1ECD1BCABF7000897CA2 /* ProfileAddressInfoCell.xib */ = {isa = PBXFileReference; fileEncoding = 4; lastKnownFileType = file.xib; path = ProfileAddressInfoCell.xib; sourceTree = "<group>"; };
		FB5E1ED01BCB0FD800897CA2 /* TextViewTableCell.h */ = {isa = PBXFileReference; fileEncoding = 4; lastKnownFileType = sourcecode.c.h; path = TextViewTableCell.h; sourceTree = "<group>"; };
		FB5E1ED11BCB0FD800897CA2 /* TextViewTableCell.m */ = {isa = PBXFileReference; fileEncoding = 4; lastKnownFileType = sourcecode.c.objc; path = TextViewTableCell.m; sourceTree = "<group>"; };
		FB5E1ED21BCB0FD800897CA2 /* TextViewTableCell.xib */ = {isa = PBXFileReference; fileEncoding = 4; lastKnownFileType = file.xib; path = TextViewTableCell.xib; sourceTree = "<group>"; };
		FB6C27311B6ED1EF0002034A /* Pet2ShareService.h */ = {isa = PBXFileReference; fileEncoding = 4; lastKnownFileType = sourcecode.c.h; path = Pet2ShareService.h; sourceTree = "<group>"; };
		FB6C27321B6ED1EF0002034A /* Pet2ShareService.m */ = {isa = PBXFileReference; fileEncoding = 4; lastKnownFileType = sourcecode.c.objc; path = Pet2ShareService.m; sourceTree = "<group>"; };
		FB6C273B1B6ED2950002034A /* UrlManager.h */ = {isa = PBXFileReference; fileEncoding = 4; lastKnownFileType = sourcecode.c.h; path = UrlManager.h; sourceTree = "<group>"; };
		FB6C273C1B6ED2950002034A /* UrlManager.m */ = {isa = PBXFileReference; fileEncoding = 4; lastKnownFileType = sourcecode.c.objc; path = UrlManager.m; sourceTree = "<group>"; };
		FB6C273E1B6EEB0F0002034A /* ServiceConfig.h */ = {isa = PBXFileReference; lastKnownFileType = sourcecode.c.h; path = ServiceConfig.h; sourceTree = "<group>"; };
		FB95D1641BD28B7700254B06 /* Post.h */ = {isa = PBXFileReference; fileEncoding = 4; lastKnownFileType = sourcecode.c.h; path = Post.h; sourceTree = "<group>"; };
		FB95D1651BD28B7700254B06 /* Post.m */ = {isa = PBXFileReference; fileEncoding = 4; lastKnownFileType = sourcecode.c.objc; path = Post.m; sourceTree = "<group>"; };
		FB95D1671BD28ED900254B06 /* Comment.h */ = {isa = PBXFileReference; fileEncoding = 4; lastKnownFileType = sourcecode.c.h; path = Comment.h; sourceTree = "<group>"; };
		FB95D1681BD28ED900254B06 /* Comment.m */ = {isa = PBXFileReference; fileEncoding = 4; lastKnownFileType = sourcecode.c.objc; path = Comment.m; sourceTree = "<group>"; };
		FB95D1721BD2B30E00254B06 /* PostTextCell.h */ = {isa = PBXFileReference; fileEncoding = 4; lastKnownFileType = sourcecode.c.h; path = PostTextCell.h; sourceTree = "<group>"; };
		FB95D1731BD2B30E00254B06 /* PostTextCell.m */ = {isa = PBXFileReference; fileEncoding = 4; lastKnownFileType = sourcecode.c.objc; path = PostTextCell.m; sourceTree = "<group>"; };
		FB95D1741BD2B30E00254B06 /* PostTextCell.xib */ = {isa = PBXFileReference; fileEncoding = 4; lastKnownFileType = file.xib; path = PostTextCell.xib; sourceTree = "<group>"; };
		FB95D1771BD2CCCA00254B06 /* FeedDetailVC.h */ = {isa = PBXFileReference; fileEncoding = 4; lastKnownFileType = sourcecode.c.h; path = FeedDetailVC.h; sourceTree = "<group>"; };
		FB95D1781BD2CCCA00254B06 /* FeedDetailVC.m */ = {isa = PBXFileReference; fileEncoding = 4; lastKnownFileType = sourcecode.c.objc; path = FeedDetailVC.m; sourceTree = "<group>"; };
		FB95D17A1BD2E38A00254B06 /* CommentCell.h */ = {isa = PBXFileReference; fileEncoding = 4; lastKnownFileType = sourcecode.c.h; path = CommentCell.h; sourceTree = "<group>"; };
		FB95D17B1BD2E38A00254B06 /* CommentCell.m */ = {isa = PBXFileReference; fileEncoding = 4; lastKnownFileType = sourcecode.c.objc; path = CommentCell.m; sourceTree = "<group>"; };
		FB95D17C1BD2E38A00254B06 /* CommentCell.xib */ = {isa = PBXFileReference; fileEncoding = 4; lastKnownFileType = file.xib; path = CommentCell.xib; sourceTree = "<group>"; };
		FB95D1821BD2EB0000254B06 /* PostHeaderView.h */ = {isa = PBXFileReference; fileEncoding = 4; lastKnownFileType = sourcecode.c.h; path = PostHeaderView.h; sourceTree = "<group>"; };
		FB95D1831BD2EB0000254B06 /* PostHeaderView.m */ = {isa = PBXFileReference; fileEncoding = 4; lastKnownFileType = sourcecode.c.objc; path = PostHeaderView.m; sourceTree = "<group>"; };
		FB95D1851BD2EB4800254B06 /* PostHeaderView.xib */ = {isa = PBXFileReference; fileEncoding = 4; lastKnownFileType = file.xib; path = PostHeaderView.xib; sourceTree = "<group>"; };
		FB95D18F1BD309EF00254B06 /* PostDetailTextCell.h */ = {isa = PBXFileReference; fileEncoding = 4; lastKnownFileType = sourcecode.c.h; path = PostDetailTextCell.h; sourceTree = "<group>"; };
		FB95D1901BD309EF00254B06 /* PostDetailTextCell.m */ = {isa = PBXFileReference; fileEncoding = 4; lastKnownFileType = sourcecode.c.objc; path = PostDetailTextCell.m; sourceTree = "<group>"; };
		FB95D1911BD309EF00254B06 /* PostDetailTextCell.xib */ = {isa = PBXFileReference; fileEncoding = 4; lastKnownFileType = file.xib; path = PostDetailTextCell.xib; sourceTree = "<group>"; };
		FB9AC5241BD1560A00B0DF25 /* NewPostVC.h */ = {isa = PBXFileReference; fileEncoding = 4; lastKnownFileType = sourcecode.c.h; path = NewPostVC.h; sourceTree = "<group>"; };
		FB9AC5251BD1560A00B0DF25 /* NewPostVC.m */ = {isa = PBXFileReference; fileEncoding = 4; lastKnownFileType = sourcecode.c.objc; path = NewPostVC.m; sourceTree = "<group>"; };
		FB9AC5271BD1919200B0DF25 /* PlaceHolderTextView.h */ = {isa = PBXFileReference; fileEncoding = 4; lastKnownFileType = sourcecode.c.h; path = PlaceHolderTextView.h; sourceTree = "<group>"; };
		FB9AC5281BD1919200B0DF25 /* PlaceHolderTextView.m */ = {isa = PBXFileReference; fileEncoding = 4; lastKnownFileType = sourcecode.c.objc; path = PlaceHolderTextView.m; sourceTree = "<group>"; };
		FBA2A35E1BCDAD8800368D39 /* ImageActionSheet.h */ = {isa = PBXFileReference; fileEncoding = 4; lastKnownFileType = sourcecode.c.h; path = ImageActionSheet.h; sourceTree = "<group>"; };
		FBA2A35F1BCDAD8800368D39 /* ImageActionSheet.m */ = {isa = PBXFileReference; fileEncoding = 4; lastKnownFileType = sourcecode.c.objc; path = ImageActionSheet.m; sourceTree = "<group>"; };
		FBA2A3611BCDB2A600368D39 /* CellButtonDelegate.h */ = {isa = PBXFileReference; lastKnownFileType = sourcecode.c.h; path = CellButtonDelegate.h; sourceTree = "<group>"; };
		FBA3F6B71BC5555E0094288D /* SignUpTableCtrl.h */ = {isa = PBXFileReference; fileEncoding = 4; lastKnownFileType = sourcecode.c.h; path = SignUpTableCtrl.h; sourceTree = "<group>"; };
		FBA3F6B81BC5555E0094288D /* SignUpTableCtrl.m */ = {isa = PBXFileReference; fileEncoding = 4; lastKnownFileType = sourcecode.c.objc; path = SignUpTableCtrl.m; sourceTree = "<group>"; };
		FBB531121B9BA8A7004D5DA2 /* ResponseObject.h */ = {isa = PBXFileReference; fileEncoding = 4; lastKnownFileType = sourcecode.c.h; path = ResponseObject.h; sourceTree = "<group>"; };
		FBB531131B9BA8A7004D5DA2 /* ResponseObject.m */ = {isa = PBXFileReference; fileEncoding = 4; lastKnownFileType = sourcecode.c.objc; path = ResponseObject.m; sourceTree = "<group>"; };
		FBCDC9A11BC3381B00808E30 /* ErrorMessage.h */ = {isa = PBXFileReference; fileEncoding = 4; lastKnownFileType = sourcecode.c.h; path = ErrorMessage.h; sourceTree = "<group>"; };
		FBCDC9A21BC3381B00808E30 /* ErrorMessage.m */ = {isa = PBXFileReference; fileEncoding = 4; lastKnownFileType = sourcecode.c.objc; path = ErrorMessage.m; sourceTree = "<group>"; };
		FBCDC9A31BC3381B00808E30 /* RepositoryObject.h */ = {isa = PBXFileReference; fileEncoding = 4; lastKnownFileType = sourcecode.c.h; path = RepositoryObject.h; sourceTree = "<group>"; };
		FBCDC9A41BC3381B00808E30 /* RepositoryObject.m */ = {isa = PBXFileReference; fileEncoding = 4; lastKnownFileType = sourcecode.c.objc; path = RepositoryObject.m; sourceTree = "<group>"; };
		FBCDC9A51BC3381B00808E30 /* User.h */ = {isa = PBXFileReference; fileEncoding = 4; lastKnownFileType = sourcecode.c.h; path = User.h; sourceTree = "<group>"; };
		FBCDC9A61BC3381B00808E30 /* User.m */ = {isa = PBXFileReference; fileEncoding = 4; lastKnownFileType = sourcecode.c.objc; path = User.m; sourceTree = "<group>"; };
		FBCDC9A71BC3381B00808E30 /* WSConstants.h */ = {isa = PBXFileReference; fileEncoding = 4; lastKnownFileType = sourcecode.c.h; path = WSConstants.h; sourceTree = "<group>"; };
		FBCEA42C1B4CC3E000497678 /* pet2share.app */ = {isa = PBXFileReference; explicitFileType = wrapper.application; includeInIndex = 0; path = pet2share.app; sourceTree = BUILT_PRODUCTS_DIR; };
		FBCEA4301B4CC3E000497678 /* Info.plist */ = {isa = PBXFileReference; lastKnownFileType = text.plist.xml; path = Info.plist; sourceTree = "<group>"; };
		FBCEA4311B4CC3E000497678 /* main.m */ = {isa = PBXFileReference; lastKnownFileType = sourcecode.c.objc; path = main.m; sourceTree = "<group>"; };
		FBCEA4331B4CC3E000497678 /* Pet2ShareDelegate.h */ = {isa = PBXFileReference; lastKnownFileType = sourcecode.c.h; path = Pet2ShareDelegate.h; sourceTree = "<group>"; };
		FBCEA4341B4CC3E000497678 /* Pet2ShareDelegate.m */ = {isa = PBXFileReference; lastKnownFileType = sourcecode.c.objc; path = Pet2ShareDelegate.m; sourceTree = "<group>"; };
		FBCEA43A1B4CC3E000497678 /* Base */ = {isa = PBXFileReference; lastKnownFileType = file.storyboard; name = Base; path = Base.lproj/Pet2Share.storyboard; sourceTree = "<group>"; };
		FBCEA43C1B4CC3E000497678 /* Images.xcassets */ = {isa = PBXFileReference; lastKnownFileType = folder.assetcatalog; path = Images.xcassets; sourceTree = "<group>"; };
		FBCEA43F1B4CC3E000497678 /* Base */ = {isa = PBXFileReference; lastKnownFileType = file.xib; name = Base; path = Base.lproj/LaunchScreen.xib; sourceTree = "<group>"; };
		FBCEA4451B4CC3E000497678 /* pet2shareTests.xctest */ = {isa = PBXFileReference; explicitFileType = wrapper.cfbundle; includeInIndex = 0; path = pet2shareTests.xctest; sourceTree = BUILT_PRODUCTS_DIR; };
		FBCEA44A1B4CC3E000497678 /* Info.plist */ = {isa = PBXFileReference; lastKnownFileType = text.plist.xml; path = Info.plist; sourceTree = "<group>"; };
		FBCEA4551B4CC78600497678 /* Pet2Share.pch */ = {isa = PBXFileReference; fileEncoding = 4; lastKnownFileType = sourcecode.c.h; path = Pet2Share.pch; sourceTree = "<group>"; };
		FBCF4A691BC5876000C75066 /* Pet2ShareUser.h */ = {isa = PBXFileReference; fileEncoding = 4; lastKnownFileType = sourcecode.c.h; path = Pet2ShareUser.h; sourceTree = "<group>"; };
		FBCF4A6A1BC5876000C75066 /* Pet2ShareUser.m */ = {isa = PBXFileReference; fileEncoding = 4; lastKnownFileType = sourcecode.c.objc; path = Pet2ShareUser.m; sourceTree = "<group>"; };
		FBCF4A741BC5B28700C75066 /* UserProfileVC.h */ = {isa = PBXFileReference; fileEncoding = 4; lastKnownFileType = sourcecode.c.h; path = UserProfileVC.h; sourceTree = "<group>"; };
		FBCF4A751BC5B28700C75066 /* UserProfileVC.m */ = {isa = PBXFileReference; fileEncoding = 4; lastKnownFileType = sourcecode.c.objc; path = UserProfileVC.m; sourceTree = "<group>"; };
		FBCF4A7C1BC6888C00C75066 /* CircleImageView.h */ = {isa = PBXFileReference; fileEncoding = 4; lastKnownFileType = sourcecode.c.h; path = CircleImageView.h; sourceTree = "<group>"; };
		FBCF4A7D1BC6888C00C75066 /* CircleImageView.m */ = {isa = PBXFileReference; fileEncoding = 4; lastKnownFileType = sourcecode.c.objc; path = CircleImageView.m; sourceTree = "<group>"; };
		FBCF4A7F1BC68CF200C75066 /* PetCollectionCell.h */ = {isa = PBXFileReference; fileEncoding = 4; lastKnownFileType = sourcecode.c.h; path = PetCollectionCell.h; sourceTree = "<group>"; };
		FBCF4A801BC68CF200C75066 /* PetCollectionCell.m */ = {isa = PBXFileReference; fileEncoding = 4; lastKnownFileType = sourcecode.c.objc; path = PetCollectionCell.m; sourceTree = "<group>"; };
		FBCF4A811BC68CF200C75066 /* PetCollectionCell.xib */ = {isa = PBXFileReference; fileEncoding = 4; lastKnownFileType = file.xib; path = PetCollectionCell.xib; sourceTree = "<group>"; };
		FBCF4A841BC698B700C75066 /* ProfileHeaderCell.h */ = {isa = PBXFileReference; fileEncoding = 4; lastKnownFileType = sourcecode.c.h; path = ProfileHeaderCell.h; sourceTree = "<group>"; };
		FBCF4A851BC698B700C75066 /* ProfileHeaderCell.m */ = {isa = PBXFileReference; fileEncoding = 4; lastKnownFileType = sourcecode.c.objc; path = ProfileHeaderCell.m; sourceTree = "<group>"; };
		FBCF4A861BC698B700C75066 /* ProfileHeaderCell.xib */ = {isa = PBXFileReference; fileEncoding = 4; lastKnownFileType = file.xib; path = ProfileHeaderCell.xib; sourceTree = "<group>"; };
		FBCF4A891BC6B82400C75066 /* ButtonTabbarController.h */ = {isa = PBXFileReference; fileEncoding = 4; lastKnownFileType = sourcecode.c.h; path = ButtonTabbarController.h; sourceTree = "<group>"; };
		FBCF4A8A1BC6B82400C75066 /* ButtonTabbarController.m */ = {isa = PBXFileReference; fileEncoding = 4; lastKnownFileType = sourcecode.c.objc; path = ButtonTabbarController.m; sourceTree = "<group>"; };
		FBCF4A8C1BC6CF2E00C75066 /* PostsVC.h */ = {isa = PBXFileReference; fileEncoding = 4; lastKnownFileType = sourcecode.c.h; path = PostsVC.h; sourceTree = "<group>"; };
		FBCF4A8D1BC6CF2E00C75066 /* PostsVC.m */ = {isa = PBXFileReference; fileEncoding = 4; lastKnownFileType = sourcecode.c.objc; path = PostsVC.m; sourceTree = "<group>"; };
		FBCF4A8F1BC6CF5800C75066 /* PostCollectionCell.h */ = {isa = PBXFileReference; fileEncoding = 4; lastKnownFileType = sourcecode.c.h; path = PostCollectionCell.h; sourceTree = "<group>"; };
		FBCF4A901BC6CF5800C75066 /* PostCollectionCell.m */ = {isa = PBXFileReference; fileEncoding = 4; lastKnownFileType = sourcecode.c.objc; path = PostCollectionCell.m; sourceTree = "<group>"; };
		FBCF4A911BC6CF5800C75066 /* PostCollectionCell.xib */ = {isa = PBXFileReference; fileEncoding = 4; lastKnownFileType = file.xib; path = PostCollectionCell.xib; sourceTree = "<group>"; };
		FBCF4A951BC6CF6B00C75066 /* CollectionViewController.h */ = {isa = PBXFileReference; fileEncoding = 4; lastKnownFileType = sourcecode.c.h; path = CollectionViewController.h; sourceTree = "<group>"; };
		FBCF4A961BC6CF6B00C75066 /* CollectionViewController.m */ = {isa = PBXFileReference; fileEncoding = 4; lastKnownFileType = sourcecode.c.objc; path = CollectionViewController.m; sourceTree = "<group>"; };
		FBCF4A971BC6CF6B00C75066 /* CollectionViewLayout.h */ = {isa = PBXFileReference; fileEncoding = 4; lastKnownFileType = sourcecode.c.h; path = CollectionViewLayout.h; sourceTree = "<group>"; };
		FBCF4A981BC6CF6B00C75066 /* CollectionViewLayout.m */ = {isa = PBXFileReference; fileEncoding = 4; lastKnownFileType = sourcecode.c.objc; path = CollectionViewLayout.m; sourceTree = "<group>"; };
		FBCF4A9B1BC7076200C75066 /* EditUserProfileVC.h */ = {isa = PBXFileReference; fileEncoding = 4; lastKnownFileType = sourcecode.c.h; path = EditUserProfileVC.h; sourceTree = "<group>"; };
		FBCF4A9C1BC7076200C75066 /* EditUserProfileVC.m */ = {isa = PBXFileReference; fileEncoding = 4; lastKnownFileType = sourcecode.c.objc; path = EditUserProfileVC.m; sourceTree = "<group>"; };
		FBCF4A9E1BC7116400C75066 /* ActivityView.h */ = {isa = PBXFileReference; fileEncoding = 4; lastKnownFileType = sourcecode.c.h; path = ActivityView.h; sourceTree = "<group>"; };
		FBCF4A9F1BC7116400C75066 /* ActivityView.m */ = {isa = PBXFileReference; fileEncoding = 4; lastKnownFileType = sourcecode.c.objc; path = ActivityView.m; sourceTree = "<group>"; };
		FBCF4AA11BC72E9D00C75066 /* ProfileBasicInfoCell.h */ = {isa = PBXFileReference; fileEncoding = 4; lastKnownFileType = sourcecode.c.h; path = ProfileBasicInfoCell.h; sourceTree = "<group>"; };
		FBCF4AA21BC72E9D00C75066 /* ProfileBasicInfoCell.m */ = {isa = PBXFileReference; fileEncoding = 4; lastKnownFileType = sourcecode.c.objc; path = ProfileBasicInfoCell.m; sourceTree = "<group>"; };
		FBCF4AA31BC72E9D00C75066 /* ProfileBasicInfoCell.xib */ = {isa = PBXFileReference; fileEncoding = 4; lastKnownFileType = file.xib; path = ProfileBasicInfoCell.xib; sourceTree = "<group>"; };
		FBCF4AB51BC81BC900C75066 /* UpdateMessage.h */ = {isa = PBXFileReference; fileEncoding = 4; lastKnownFileType = sourcecode.c.h; path = UpdateMessage.h; sourceTree = "<group>"; };
		FBCF4AB61BC81BC900C75066 /* UpdateMessage.m */ = {isa = PBXFileReference; fileEncoding = 4; lastKnownFileType = sourcecode.c.objc; path = UpdateMessage.m; sourceTree = "<group>"; };
		FBCF4AB81BC8641B00C75066 /* Pet.h */ = {isa = PBXFileReference; fileEncoding = 4; lastKnownFileType = sourcecode.c.h; path = Pet.h; sourceTree = "<group>"; };
		FBCF4AB91BC8641B00C75066 /* Pet.m */ = {isa = PBXFileReference; fileEncoding = 4; lastKnownFileType = sourcecode.c.objc; path = Pet.m; sourceTree = "<group>"; };
		FBCF4ABB1BC8691700C75066 /* PetType.h */ = {isa = PBXFileReference; fileEncoding = 4; lastKnownFileType = sourcecode.c.h; path = PetType.h; sourceTree = "<group>"; };
		FBCF4ABC1BC8691700C75066 /* PetType.m */ = {isa = PBXFileReference; fileEncoding = 4; lastKnownFileType = sourcecode.c.objc; path = PetType.m; sourceTree = "<group>"; };
		FBD3938D1B50D9DB000ED817 /* BaseNavigationVC.h */ = {isa = PBXFileReference; fileEncoding = 4; lastKnownFileType = sourcecode.c.h; path = BaseNavigationVC.h; sourceTree = "<group>"; };
		FBD3938E1B50D9DB000ED817 /* BaseNavigationVC.m */ = {isa = PBXFileReference; fileEncoding = 4; lastKnownFileType = sourcecode.c.objc; path = BaseNavigationVC.m; sourceTree = "<group>"; };
		FBFC5CE81BCF5C8600312F31 /* CacheKey.h */ = {isa = PBXFileReference; fileEncoding = 4; lastKnownFileType = sourcecode.c.h; path = CacheKey.h; sourceTree = "<group>"; };
		FBFC5CE91BCF5C8600312F31 /* CacheKey.m */ = {isa = PBXFileReference; fileEncoding = 4; lastKnownFileType = sourcecode.c.objc; path = CacheKey.m; sourceTree = "<group>"; };
		FBFC5CEB1BCF636F00312F31 /* AppData.h */ = {isa = PBXFileReference; fileEncoding = 4; lastKnownFileType = sourcecode.c.h; path = AppData.h; sourceTree = "<group>"; };
		FBFC5CEC1BCF636F00312F31 /* AppData.m */ = {isa = PBXFileReference; fileEncoding = 4; lastKnownFileType = sourcecode.c.objc; path = AppData.m; sourceTree = "<group>"; };
/* End PBXFileReference section */

/* Begin PBXFrameworksBuildPhase section */
		FBCEA4291B4CC3E000497678 /* Frameworks */ = {
			isa = PBXFrameworksBuildPhase;
			buildActionMask = 2147483647;
			files = (
				CEF556017F1729CF780C00B2 /* libPods.a in Frameworks */,
			);
			runOnlyForDeploymentPostprocessing = 0;
		};
		FBCEA4421B4CC3E000497678 /* Frameworks */ = {
			isa = PBXFrameworksBuildPhase;
			buildActionMask = 2147483647;
			files = (
				7C0193C2C670251B8116E2CC /* libPods.a in Frameworks */,
			);
			runOnlyForDeploymentPostprocessing = 0;
		};
/* End PBXFrameworksBuildPhase section */

/* Begin PBXGroup section */
		54D431F1711D93AB40F7C4C0 /* Frameworks */ = {
			isa = PBXGroup;
			children = (
				FB535B6B1BC461CD00C6A3B3 /* libJSONModel.a */,
				FB535B691BC4610C00C6A3B3 /* libPods.a */,
				D685707DD3766C3EB6E23122 /* libPods.a */,
			);
			name = Frameworks;
			sourceTree = "<group>";
		};
		772FBE74C50F966111D070AD /* Pods */ = {
			isa = PBXGroup;
			children = (
				2D8E6D407B06EEEE9C8600F7 /* Pods.debug.xcconfig */,
				E39AC5D91F18CB45AD8327A2 /* Pods.release.xcconfig */,
			);
			name = Pods;
			sourceTree = "<group>";
		};
		FB1067E61B53412F00BEBC40 /* Auth */ = {
			isa = PBXGroup;
			children = (
				FB1067E71B5341A500BEBC40 /* LoginVC.h */,
				FB1067E81B5341A500BEBC40 /* LoginVC.m */,
				FB1067EA1B5341D600BEBC40 /* SignupVC.h */,
				FB1067EB1B5341D600BEBC40 /* SignupVC.m */,
				FB1067EE1B535B4C00BEBC40 /* LoginTableCtrl.h */,
				FB1067EF1B535B4C00BEBC40 /* LoginTableCtrl.m */,
				FB1067F11B535F0F00BEBC40 /* FormProtocol.h */,
				FBA3F6B71BC5555E0094288D /* SignUpTableCtrl.h */,
				FBA3F6B81BC5555E0094288D /* SignUpTableCtrl.m */,
			);
			path = Auth;
			sourceTree = "<group>";
		};
		FB2BDBAA1B5767610095B254 /* Cells */ = {
			isa = PBXGroup;
			children = (
				FBCF4A8F1BC6CF5800C75066 /* PostCollectionCell.h */,
				FBCF4A901BC6CF5800C75066 /* PostCollectionCell.m */,
				FBCF4A911BC6CF5800C75066 /* PostCollectionCell.xib */,
				FBCF4A841BC698B700C75066 /* ProfileHeaderCell.h */,
				FBCF4A851BC698B700C75066 /* ProfileHeaderCell.m */,
				FBCF4A861BC698B700C75066 /* ProfileHeaderCell.xib */,
				FBCF4A7F1BC68CF200C75066 /* PetCollectionCell.h */,
				FBCF4A801BC68CF200C75066 /* PetCollectionCell.m */,
				FBCF4A811BC68CF200C75066 /* PetCollectionCell.xib */,
				FBCF4AA11BC72E9D00C75066 /* ProfileBasicInfoCell.h */,
				FBCF4AA21BC72E9D00C75066 /* ProfileBasicInfoCell.m */,
				FBCF4AA31BC72E9D00C75066 /* ProfileBasicInfoCell.xib */,
				FB4BCBCE1BCD6FA7009F853E /* ProfileNameInfoCell.h */,
				FB4BCBCF1BCD6FA7009F853E /* ProfileNameInfoCell.m */,
				FB4BCBD01BCD6FA7009F853E /* ProfileNameInfoCell.xib */,
				FB5E1EC31BCA944C00897CA2 /* TextFieldTableCell.h */,
				FB5E1EC41BCA944C00897CA2 /* TextFieldTableCell.m */,
				FB5E1EC51BCA944C00897CA2 /* TextFieldTableCell.xib */,
				FB5E1ECB1BCABF7000897CA2 /* ProfileAddressInfoCell.h */,
				FB5E1ECC1BCABF7000897CA2 /* ProfileAddressInfoCell.m */,
				FB5E1ECD1BCABF7000897CA2 /* ProfileAddressInfoCell.xib */,
				FB5E1ED01BCB0FD800897CA2 /* TextViewTableCell.h */,
				FB5E1ED11BCB0FD800897CA2 /* TextViewTableCell.m */,
				FB5E1ED21BCB0FD800897CA2 /* TextViewTableCell.xib */,
				FBA2A3611BCDB2A600368D39 /* CellButtonDelegate.h */,
				FB4DB9421BCEBDB700C1466D /* CellConstants.h */,
				FB95D1721BD2B30E00254B06 /* PostTextCell.h */,
				FB95D1731BD2B30E00254B06 /* PostTextCell.m */,
				FB95D1741BD2B30E00254B06 /* PostTextCell.xib */,
				FB95D17A1BD2E38A00254B06 /* CommentCell.h */,
				FB95D17B1BD2E38A00254B06 /* CommentCell.m */,
				FB95D17C1BD2E38A00254B06 /* CommentCell.xib */,
				FB95D1821BD2EB0000254B06 /* PostHeaderView.h */,
				FB95D1831BD2EB0000254B06 /* PostHeaderView.m */,
				FB95D1851BD2EB4800254B06 /* PostHeaderView.xib */,
				FB95D18F1BD309EF00254B06 /* PostDetailTextCell.h */,
				FB95D1901BD309EF00254B06 /* PostDetailTextCell.m */,
				FB95D1911BD309EF00254B06 /* PostDetailTextCell.xib */,
			);
			path = Cells;
			sourceTree = "<group>";
		};
		FB484A301B4FD0910045A6EA /* Common */ = {
			isa = PBXGroup;
			children = (
				FB484A441B4FD40A0045A6EA /* Logger.h */,
				FB484A451B4FD40A0045A6EA /* OrderedDictionary.h */,
				FB484A461B4FD40A0045A6EA /* OrderedDictionary.m */,
				FB484A471B4FD40A0045A6EA /* Reachability.h */,
				FB484A481B4FD40A0045A6EA /* Reachability.m */,
				FB484A491B4FD40A0045A6EA /* UIDevice+Hardware.h */,
				FB484A4A1B4FD40A0045A6EA /* UIDevice+Hardware.m */,
				FB484A4B1B4FD40A0045A6EA /* Utils.h */,
				FB484A4C1B4FD40A0045A6EA /* Utils.m */,
				FB484A371B4FD0DB0045A6EA /* NSString+URLEncoding.h */,
				FB484A381B4FD0DB0045A6EA /* NSString+URLEncoding.m */,
				FB484A401B4FD3E60045A6EA /* Constants.h */,
				FB484A411B4FD3E60045A6EA /* Constants.m */,
				FB5E1EC81BCA9DA400897CA2 /* DateFormatterFactory.h */,
				FB5E1EC91BCA9DA400897CA2 /* DateFormatterFactory.m */,
				FB4DB9361BCDC88300C1466D /* WebClient.h */,
				FB4DB9371BCDC88300C1466D /* WebClient.m */,
				FBFC5CE81BCF5C8600312F31 /* CacheKey.h */,
				FBFC5CE91BCF5C8600312F31 /* CacheKey.m */,
				FBFC5CEB1BCF636F00312F31 /* AppData.h */,
				FBFC5CEC1BCF636F00312F31 /* AppData.m */,
			);
			path = Common;
			sourceTree = "<group>";
		};
		FB484A311B4FD0910045A6EA /* Controllers */ = {
			isa = PBXGroup;
			children = (
				FB1067E61B53412F00BEBC40 /* Auth */,
				FBD3938C1B50D9DB000ED817 /* Templates */,
				FB5E1EB91BC9DD9300897CA2 /* Feed */,
				FBCF4A731BC5B26E00C75066 /* Profile */,
			);
			path = Controllers;
			sourceTree = "<group>";
		};
		FB484A331B4FD0910045A6EA /* UX */ = {
			isa = PBXGroup;
			children = (
				FB484A5F1B50BE880045A6EA /* Views */,
				FB484A551B50BE2A0045A6EA /* Colors */,
				FB484A3D1B4FD12F0045A6EA /* Graphics.h */,
				FB484A3E1B4FD12F0045A6EA /* Graphics.m */,
			);
			path = UX;
			sourceTree = "<group>";
		};
		FB484A551B50BE2A0045A6EA /* Colors */ = {
			isa = PBXGroup;
			children = (
				FB484A561B50BE370045A6EA /* AppColor.h */,
				FB484A571B50BE370045A6EA /* AppColor.m */,
				FB484A591B50BE410045A6EA /* AppColorScheme.h */,
				FB484A5A1B50BE410045A6EA /* AppColorScheme.m */,
				FB484A5C1B50BE4E0045A6EA /* ThemeManager.h */,
				FB484A5D1B50BE4E0045A6EA /* ThemeManager.m */,
			);
			path = Colors;
			sourceTree = "<group>";
		};
		FB484A5F1B50BE880045A6EA /* Views */ = {
			isa = PBXGroup;
			children = (
				FBCF4A941BC6CF6B00C75066 /* CollectionView */,
				FB2BDBAA1B5767610095B254 /* Cells */,
				FB484A601B50BE910045A6EA /* RoundCornerButton.h */,
				FB484A611B50BE910045A6EA /* RoundCornerButton.m */,
				FBCF4A7C1BC6888C00C75066 /* CircleImageView.h */,
				FBCF4A7D1BC6888C00C75066 /* CircleImageView.m */,
				FBCF4A9E1BC7116400C75066 /* ActivityView.h */,
				FBCF4A9F1BC7116400C75066 /* ActivityView.m */,
				FBA2A35E1BCDAD8800368D39 /* ImageActionSheet.h */,
				FBA2A35F1BCDAD8800368D39 /* ImageActionSheet.m */,
				FB9AC5271BD1919200B0DF25 /* PlaceHolderTextView.h */,
				FB9AC5281BD1919200B0DF25 /* PlaceHolderTextView.m */,
				FB5BB63C1BD5050800A382AC /* InputTableView.h */,
				FB5BB63D1BD5050800A382AC /* InputTableView.m */,
				FB5BB63F1BD52ABE00A382AC /* KeyboardBar.h */,
				FB5BB6401BD52ABE00A382AC /* KeyboardBar.m */,
			);
			path = Views;
			sourceTree = "<group>";
		};
		FB484A631B50C2350045A6EA /* Fonts */ = {
			isa = PBXGroup;
			children = (
				FB484A6C1B50C5FB0045A6EA /* LobsterTwo */,
				FB484A771B50C6130045A6EA /* Lato */,
			);
			path = Fonts;
			sourceTree = "<group>";
		};
		FB484A6C1B50C5FB0045A6EA /* LobsterTwo */ = {
			isa = PBXGroup;
			children = (
				FB484A6D1B50C5FB0045A6EA /* LobsterTwo-Bold.otf */,
				FB484A6E1B50C5FB0045A6EA /* LobsterTwo-BoldItalic.otf */,
				FB484A6F1B50C5FB0045A6EA /* LobsterTwo-Italic.otf */,
				FB484A701B50C5FB0045A6EA /* LobsterTwo-Regular.otf */,
				FB484A711B50C5FB0045A6EA /* SIL Open Font License.txt */,
			);
			path = LobsterTwo;
			sourceTree = "<group>";
		};
		FB484A771B50C6130045A6EA /* Lato */ = {
			isa = PBXGroup;
			children = (
				FB484A781B50C6130045A6EA /* Lato-Black.ttf */,
				FB484A791B50C6130045A6EA /* Lato-BlackItalic.ttf */,
				FB484A7A1B50C6130045A6EA /* Lato-Bold.ttf */,
				FB484A7B1B50C6130045A6EA /* Lato-BoldItalic.ttf */,
				FB484A7C1B50C6130045A6EA /* Lato-Hairline.ttf */,
				FB484A7D1B50C6130045A6EA /* Lato-HairlineItalic.ttf */,
				FB484A7E1B50C6130045A6EA /* Lato-Heavy.ttf */,
				FB484A7F1B50C6130045A6EA /* Lato-HeavyItalic.ttf */,
				FB484A801B50C6130045A6EA /* Lato-Italic.ttf */,
				FB484A811B50C6130045A6EA /* Lato-Light.ttf */,
				FB484A821B50C6130045A6EA /* Lato-LightItalic.ttf */,
				FB484A831B50C6130045A6EA /* Lato-Medium.ttf */,
				FB484A841B50C6130045A6EA /* Lato-MediumItalic.ttf */,
				FB484A851B50C6130045A6EA /* Lato-Regular.ttf */,
				FB484A861B50C6130045A6EA /* Lato-Semibold.ttf */,
				FB484A871B50C6130045A6EA /* Lato-SemiboldItalic.ttf */,
				FB484A881B50C6130045A6EA /* Lato-Thin.ttf */,
				FB484A891B50C6130045A6EA /* Lato-ThinItalic.ttf */,
				FB484A8A1B50C6130045A6EA /* SIL Open Font License.txt */,
			);
			path = Lato;
			sourceTree = "<group>";
		};
		FB5E1EB91BC9DD9300897CA2 /* Feed */ = {
			isa = PBXGroup;
			children = (
				FB5E1EBA1BC9DDAB00897CA2 /* FeedVC.h */,
				FB5E1EBB1BC9DDAB00897CA2 /* FeedVC.m */,
				FB9AC5241BD1560A00B0DF25 /* NewPostVC.h */,
				FB9AC5251BD1560A00B0DF25 /* NewPostVC.m */,
				FB95D1771BD2CCCA00254B06 /* FeedDetailVC.h */,
				FB95D1781BD2CCCA00254B06 /* FeedDetailVC.m */,
				FB5BB6421BD52BA900A382AC /* FeedDetailTableVC.h */,
				FB5BB6431BD52BA900A382AC /* FeedDetailTableVC.m */,
			);
			path = Feed;
			sourceTree = "<group>";
		};
		FB6C27301B6ED1DA0002034A /* Services */ = {
			isa = PBXGroup;
			children = (
				FB6C27311B6ED1EF0002034A /* Pet2ShareService.h */,
				FB6C27321B6ED1EF0002034A /* Pet2ShareService.m */,
				FB6C273B1B6ED2950002034A /* UrlManager.h */,
				FB6C273C1B6ED2950002034A /* UrlManager.m */,
				FB6C273E1B6EEB0F0002034A /* ServiceConfig.h */,
			);
			path = Services;
			sourceTree = "<group>";
		};
		FBB531111B9BA718004D5DA2 /* DAL */ = {
			isa = PBXGroup;
			children = (
				FBCDC9A71BC3381B00808E30 /* WSConstants.h */,
				FBB531121B9BA8A7004D5DA2 /* ResponseObject.h */,
				FBB531131B9BA8A7004D5DA2 /* ResponseObject.m */,
				FBCDC9A31BC3381B00808E30 /* RepositoryObject.h */,
				FBCDC9A41BC3381B00808E30 /* RepositoryObject.m */,
				FBCDC9A11BC3381B00808E30 /* ErrorMessage.h */,
				FBCDC9A21BC3381B00808E30 /* ErrorMessage.m */,
				FBCDC9A51BC3381B00808E30 /* User.h */,
				FBCDC9A61BC3381B00808E30 /* User.m */,
				FB265B411BC37FAB0094AC37 /* Person.h */,
				FB265B421BC37FAB0094AC37 /* Person.m */,
				FB50502E1BC4CBB40037F3E5 /* Address.h */,
				FB50502F1BC4CBB40037F3E5 /* Address.m */,
				FB5050311BC4D0B10037F3E5 /* Date.h */,
				FB5050321BC4D0B10037F3E5 /* Date.m */,
				FB5050371BC4D1E70037F3E5 /* JSONValueTransformer+Date.h */,
				FB5050381BC4D1E70037F3E5 /* JSONValueTransformer+Date.m */,
				FBCF4AB51BC81BC900C75066 /* UpdateMessage.h */,
				FBCF4AB61BC81BC900C75066 /* UpdateMessage.m */,
				FBCF4AB81BC8641B00C75066 /* Pet.h */,
				FBCF4AB91BC8641B00C75066 /* Pet.m */,
				FBCF4ABB1BC8691700C75066 /* PetType.h */,
				FBCF4ABC1BC8691700C75066 /* PetType.m */,
				FB95D1641BD28B7700254B06 /* Post.h */,
				FB95D1651BD28B7700254B06 /* Post.m */,
				FB95D1671BD28ED900254B06 /* Comment.h */,
				FB95D1681BD28ED900254B06 /* Comment.m */,
			);
			path = DAL;
			sourceTree = "<group>";
		};
		FBCEA4231B4CC3E000497678 = {
			isa = PBXGroup;
			children = (
				FBCEA42E1B4CC3E000497678 /* pet2share */,
				FBCEA4481B4CC3E000497678 /* pet2shareTests */,
				FBCEA42D1B4CC3E000497678 /* Products */,
				772FBE74C50F966111D070AD /* Pods */,
				54D431F1711D93AB40F7C4C0 /* Frameworks */,
			);
			sourceTree = "<group>";
		};
		FBCEA42D1B4CC3E000497678 /* Products */ = {
			isa = PBXGroup;
			children = (
				FBCEA42C1B4CC3E000497678 /* pet2share.app */,
				FBCEA4451B4CC3E000497678 /* pet2shareTests.xctest */,
			);
			name = Products;
			sourceTree = "<group>";
		};
		FBCEA42E1B4CC3E000497678 /* pet2share */ = {
			isa = PBXGroup;
			children = (
				FB484A301B4FD0910045A6EA /* Common */,
				FB484A311B4FD0910045A6EA /* Controllers */,
				FB484A331B4FD0910045A6EA /* UX */,
				FBCEA4561B4CC86200497678 /* Frameworks */,
				FBCEA4391B4CC3E000497678 /* Pet2Share.storyboard */,
				FBCEA43E1B4CC3E000497678 /* LaunchScreen.xib */,
				FBCEA43C1B4CC3E000497678 /* Images.xcassets */,
				FBCEA42F1B4CC3E000497678 /* Supporting Files */,
			);
			path = pet2share;
			sourceTree = "<group>";
		};
		FBCEA42F1B4CC3E000497678 /* Supporting Files */ = {
			isa = PBXGroup;
			children = (
				FB484A631B50C2350045A6EA /* Fonts */,
				FBCEA4551B4CC78600497678 /* Pet2Share.pch */,
				FBCEA4331B4CC3E000497678 /* Pet2ShareDelegate.h */,
				FBCEA4341B4CC3E000497678 /* Pet2ShareDelegate.m */,
				FBCEA4301B4CC3E000497678 /* Info.plist */,
				FBCEA4311B4CC3E000497678 /* main.m */,
			);
			name = "Supporting Files";
			sourceTree = "<group>";
		};
		FBCEA4481B4CC3E000497678 /* pet2shareTests */ = {
			isa = PBXGroup;
			children = (
				FBCEA4491B4CC3E000497678 /* Supporting Files */,
			);
			path = pet2shareTests;
			sourceTree = "<group>";
		};
		FBCEA4491B4CC3E000497678 /* Supporting Files */ = {
			isa = PBXGroup;
			children = (
				FBCEA44A1B4CC3E000497678 /* Info.plist */,
			);
			name = "Supporting Files";
			sourceTree = "<group>";
		};
		FBCEA4561B4CC86200497678 /* Frameworks */ = {
			isa = PBXGroup;
			children = (
				FBCF4A681BC5875300C75066 /* Models */,
				FBB531111B9BA718004D5DA2 /* DAL */,
				FB6C27301B6ED1DA0002034A /* Services */,
			);
			path = Frameworks;
			sourceTree = "<group>";
		};
		FBCF4A681BC5875300C75066 /* Models */ = {
			isa = PBXGroup;
			children = (
				FBCF4A691BC5876000C75066 /* Pet2ShareUser.h */,
				FBCF4A6A1BC5876000C75066 /* Pet2ShareUser.m */,
			);
			path = Models;
			sourceTree = "<group>";
		};
		FBCF4A731BC5B26E00C75066 /* Profile */ = {
			isa = PBXGroup;
			children = (
				FBCF4A741BC5B28700C75066 /* UserProfileVC.h */,
				FBCF4A751BC5B28700C75066 /* UserProfileVC.m */,
				FB5E1EBD1BC9E2CE00897CA2 /* PetProfileVC.h */,
				FB5E1EBE1BC9E2CE00897CA2 /* PetProfileVC.m */,
				FB4DB93F1BCE9F5200C1466D /* EditProfileVC.h */,
				FB4DB9401BCE9F5200C1466D /* EditProfileVC.m */,
				FBCF4A9B1BC7076200C75066 /* EditUserProfileVC.h */,
				FBCF4A9C1BC7076200C75066 /* EditUserProfileVC.m */,
				FB4ED0231BCC843200E9F379 /* AddEditPetProfileVC.h */,
				FB4ED0241BCC843200E9F379 /* AddEditPetProfileVC.m */,
			);
			path = Profile;
			sourceTree = "<group>";
		};
		FBCF4A941BC6CF6B00C75066 /* CollectionView */ = {
			isa = PBXGroup;
			children = (
				FBCF4A951BC6CF6B00C75066 /* CollectionViewController.h */,
				FBCF4A961BC6CF6B00C75066 /* CollectionViewController.m */,
				FBCF4A971BC6CF6B00C75066 /* CollectionViewLayout.h */,
				FBCF4A981BC6CF6B00C75066 /* CollectionViewLayout.m */,
			);
			path = CollectionView;
			sourceTree = "<group>";
		};
		FBD3938C1B50D9DB000ED817 /* Templates */ = {
			isa = PBXGroup;
			children = (
				FB1067ED1B53449200BEBC40 /* BaseNavigationProtocol.h */,
				FBD3938D1B50D9DB000ED817 /* BaseNavigationVC.h */,
				FBD3938E1B50D9DB000ED817 /* BaseNavigationVC.m */,
				FBCF4A891BC6B82400C75066 /* ButtonTabbarController.h */,
				FBCF4A8A1BC6B82400C75066 /* ButtonTabbarController.m */,
				FBCF4A8C1BC6CF2E00C75066 /* PostsVC.h */,
				FBCF4A8D1BC6CF2E00C75066 /* PostsVC.m */,
			);
			path = Templates;
			sourceTree = "<group>";
		};
/* End PBXGroup section */

/* Begin PBXNativeTarget section */
		FBCEA42B1B4CC3E000497678 /* pet2share */ = {
			isa = PBXNativeTarget;
			buildConfigurationList = FBCEA44F1B4CC3E000497678 /* Build configuration list for PBXNativeTarget "pet2share" */;
			buildPhases = (
				683B1AE128CC115D7E9F2BE4 /* Check Pods Manifest.lock */,
				FBCEA4281B4CC3E000497678 /* Sources */,
				FBCEA4291B4CC3E000497678 /* Frameworks */,
				FBCEA42A1B4CC3E000497678 /* Resources */,
				C8A63182D90E860E4A1FE581 /* Copy Pods Resources */,
			);
			buildRules = (
			);
			dependencies = (
			);
			name = pet2share;
			productName = pet2share;
			productReference = FBCEA42C1B4CC3E000497678 /* pet2share.app */;
			productType = "com.apple.product-type.application";
		};
		FBCEA4441B4CC3E000497678 /* pet2shareTests */ = {
			isa = PBXNativeTarget;
			buildConfigurationList = FBCEA4521B4CC3E000497678 /* Build configuration list for PBXNativeTarget "pet2shareTests" */;
			buildPhases = (
				1BEF4C5B7BB79F8A72E1F332 /* Check Pods Manifest.lock */,
				FBCEA4411B4CC3E000497678 /* Sources */,
				FBCEA4421B4CC3E000497678 /* Frameworks */,
				FBCEA4431B4CC3E000497678 /* Resources */,
				63F341AC4345AB1F60AEFE8E /* Copy Pods Resources */,
			);
			buildRules = (
			);
			dependencies = (
				FBCEA4471B4CC3E000497678 /* PBXTargetDependency */,
			);
			name = pet2shareTests;
			productName = pet2shareTests;
			productReference = FBCEA4451B4CC3E000497678 /* pet2shareTests.xctest */;
			productType = "com.apple.product-type.bundle.unit-test";
		};
/* End PBXNativeTarget section */

/* Begin PBXProject section */
		FBCEA4241B4CC3E000497678 /* Project object */ = {
			isa = PBXProject;
			attributes = {
				LastSwiftUpdateCheck = 0700;
				LastUpgradeCheck = 0700;
				ORGANIZATIONNAME = "Pet 2 Share";
				TargetAttributes = {
					FBCEA42B1B4CC3E000497678 = {
						CreatedOnToolsVersion = 6.4;
						DevelopmentTeam = ZU5W5X3DU9;
					};
					FBCEA4441B4CC3E000497678 = {
						CreatedOnToolsVersion = 6.4;
						TestTargetID = FBCEA42B1B4CC3E000497678;
					};
				};
			};
			buildConfigurationList = FBCEA4271B4CC3E000497678 /* Build configuration list for PBXProject "pet2share" */;
			compatibilityVersion = "Xcode 3.2";
			developmentRegion = English;
			hasScannedForEncodings = 0;
			knownRegions = (
				en,
				Base,
			);
			mainGroup = FBCEA4231B4CC3E000497678;
			productRefGroup = FBCEA42D1B4CC3E000497678 /* Products */;
			projectDirPath = "";
			projectRoot = "";
			targets = (
				FBCEA42B1B4CC3E000497678 /* pet2share */,
				FBCEA4441B4CC3E000497678 /* pet2shareTests */,
			);
		};
/* End PBXProject section */

/* Begin PBXResourcesBuildPhase section */
		FBCEA42A1B4CC3E000497678 /* Resources */ = {
			isa = PBXResourcesBuildPhase;
			buildActionMask = 2147483647;
			files = (
				FB484A921B50C6130045A6EA /* Lato-HeavyItalic.ttf in Resources */,
				FB484A931B50C6130045A6EA /* Lato-Italic.ttf in Resources */,
				FB484A911B50C6130045A6EA /* Lato-Heavy.ttf in Resources */,
				FBCF4A831BC68CF200C75066 /* PetCollectionCell.xib in Resources */,
				FB484A941B50C6130045A6EA /* Lato-Light.ttf in Resources */,
				FB5E1ECF1BCABF7000897CA2 /* ProfileAddressInfoCell.xib in Resources */,
				FB484A8F1B50C6130045A6EA /* Lato-Hairline.ttf in Resources */,
				FB484A9A1B50C6130045A6EA /* Lato-SemiboldItalic.ttf in Resources */,
				FB484A961B50C6130045A6EA /* Lato-Medium.ttf in Resources */,
				FB484A8D1B50C6130045A6EA /* Lato-Bold.ttf in Resources */,
				FB484A741B50C5FB0045A6EA /* LobsterTwo-Italic.otf in Resources */,
				FB484A991B50C6130045A6EA /* Lato-Semibold.ttf in Resources */,
				FB484A8B1B50C6130045A6EA /* Lato-Black.ttf in Resources */,
				FB484A9C1B50C6130045A6EA /* Lato-ThinItalic.ttf in Resources */,
				FB5E1ED41BCB0FD800897CA2 /* TextViewTableCell.xib in Resources */,
				FB484A901B50C6130045A6EA /* Lato-HairlineItalic.ttf in Resources */,
				FB4BCBD21BCD6FA7009F853E /* ProfileNameInfoCell.xib in Resources */,
				FB95D1861BD2EB4800254B06 /* PostHeaderView.xib in Resources */,
				FB484A8E1B50C6130045A6EA /* Lato-BoldItalic.ttf in Resources */,
				FB484A8C1B50C6130045A6EA /* Lato-BlackItalic.ttf in Resources */,
				FB484A731B50C5FB0045A6EA /* LobsterTwo-BoldItalic.otf in Resources */,
				FB95D1931BD309EF00254B06 /* PostDetailTextCell.xib in Resources */,
				FB95D17E1BD2E38A00254B06 /* CommentCell.xib in Resources */,
				FBCEA43B1B4CC3E000497678 /* Pet2Share.storyboard in Resources */,
				FB484A721B50C5FB0045A6EA /* LobsterTwo-Bold.otf in Resources */,
				FB484A951B50C6130045A6EA /* Lato-LightItalic.ttf in Resources */,
				FB5E1EC71BCA944C00897CA2 /* TextFieldTableCell.xib in Resources */,
				FBCF4AA51BC72E9D00C75066 /* ProfileBasicInfoCell.xib in Resources */,
				FBCF4A931BC6CF5800C75066 /* PostCollectionCell.xib in Resources */,
				FB484A751B50C5FB0045A6EA /* LobsterTwo-Regular.otf in Resources */,
				FB484A971B50C6130045A6EA /* Lato-MediumItalic.ttf in Resources */,
				FB95D1761BD2B30E00254B06 /* PostTextCell.xib in Resources */,
				FBCEA4401B4CC3E000497678 /* LaunchScreen.xib in Resources */,
				FBCF4A881BC698B700C75066 /* ProfileHeaderCell.xib in Resources */,
				FB484A9B1B50C6130045A6EA /* Lato-Thin.ttf in Resources */,
				FBCEA43D1B4CC3E000497678 /* Images.xcassets in Resources */,
				FB484A981B50C6130045A6EA /* Lato-Regular.ttf in Resources */,
			);
			runOnlyForDeploymentPostprocessing = 0;
		};
		FBCEA4431B4CC3E000497678 /* Resources */ = {
			isa = PBXResourcesBuildPhase;
			buildActionMask = 2147483647;
			files = (
			);
			runOnlyForDeploymentPostprocessing = 0;
		};
/* End PBXResourcesBuildPhase section */

/* Begin PBXShellScriptBuildPhase section */
		1BEF4C5B7BB79F8A72E1F332 /* Check Pods Manifest.lock */ = {
			isa = PBXShellScriptBuildPhase;
			buildActionMask = 2147483647;
			files = (
			);
			inputPaths = (
			);
			name = "Check Pods Manifest.lock";
			outputPaths = (
			);
			runOnlyForDeploymentPostprocessing = 0;
			shellPath = /bin/sh;
			shellScript = "diff \"${PODS_ROOT}/../Podfile.lock\" \"${PODS_ROOT}/Manifest.lock\" > /dev/null\nif [[ $? != 0 ]] ; then\n    cat << EOM\nerror: The sandbox is not in sync with the Podfile.lock. Run 'pod install' or update your CocoaPods installation.\nEOM\n    exit 1\nfi\n";
			showEnvVarsInLog = 0;
		};
		63F341AC4345AB1F60AEFE8E /* Copy Pods Resources */ = {
			isa = PBXShellScriptBuildPhase;
			buildActionMask = 2147483647;
			files = (
			);
			inputPaths = (
			);
			name = "Copy Pods Resources";
			outputPaths = (
			);
			runOnlyForDeploymentPostprocessing = 0;
			shellPath = /bin/sh;
			shellScript = "\"${SRCROOT}/Pods/Target Support Files/Pods/Pods-resources.sh\"\n";
			showEnvVarsInLog = 0;
		};
		683B1AE128CC115D7E9F2BE4 /* Check Pods Manifest.lock */ = {
			isa = PBXShellScriptBuildPhase;
			buildActionMask = 2147483647;
			files = (
			);
			inputPaths = (
			);
			name = "Check Pods Manifest.lock";
			outputPaths = (
			);
			runOnlyForDeploymentPostprocessing = 0;
			shellPath = /bin/sh;
			shellScript = "diff \"${PODS_ROOT}/../Podfile.lock\" \"${PODS_ROOT}/Manifest.lock\" > /dev/null\nif [[ $? != 0 ]] ; then\n    cat << EOM\nerror: The sandbox is not in sync with the Podfile.lock. Run 'pod install' or update your CocoaPods installation.\nEOM\n    exit 1\nfi\n";
			showEnvVarsInLog = 0;
		};
		C8A63182D90E860E4A1FE581 /* Copy Pods Resources */ = {
			isa = PBXShellScriptBuildPhase;
			buildActionMask = 2147483647;
			files = (
			);
			inputPaths = (
			);
			name = "Copy Pods Resources";
			outputPaths = (
			);
			runOnlyForDeploymentPostprocessing = 0;
			shellPath = /bin/sh;
			shellScript = "\"${SRCROOT}/Pods/Target Support Files/Pods/Pods-resources.sh\"\n";
			showEnvVarsInLog = 0;
		};
/* End PBXShellScriptBuildPhase section */

/* Begin PBXSourcesBuildPhase section */
		FBCEA4281B4CC3E000497678 /* Sources */ = {
			isa = PBXSourcesBuildPhase;
			buildActionMask = 2147483647;
			files = (
				FBCDC9A81BC3381B00808E30 /* ErrorMessage.m in Sources */,
				FB5E1ED31BCB0FD800897CA2 /* TextViewTableCell.m in Sources */,
				FBFC5CEA1BCF5C8600312F31 /* CacheKey.m in Sources */,
				FBCF4A7E1BC6888C00C75066 /* CircleImageView.m in Sources */,
				FB484A391B4FD0DB0045A6EA /* NSString+URLEncoding.m in Sources */,
				FBCF4A9A1BC6CF6B00C75066 /* CollectionViewLayout.m in Sources */,
				FB9AC5291BD1919200B0DF25 /* PlaceHolderTextView.m in Sources */,
				FB484A5E1B50BE4E0045A6EA /* ThemeManager.m in Sources */,
				FB484A531B4FD40A0045A6EA /* Utils.m in Sources */,
				FB4DB9381BCDC88300C1466D /* WebClient.m in Sources */,
				FBFC5CED1BCF636F00312F31 /* AppData.m in Sources */,
				FB95D1791BD2CCCA00254B06 /* FeedDetailVC.m in Sources */,
				FB484A621B50BE910045A6EA /* RoundCornerButton.m in Sources */,
				FB6C273D1B6ED2950002034A /* UrlManager.m in Sources */,
				FB484A4D1B4FD40A0045A6EA /* OrderedDictionary.m in Sources */,
				FB4BCBD11BCD6FA7009F853E /* ProfileNameInfoCell.m in Sources */,
				FB4ED0251BCC843200E9F379 /* AddEditPetProfileVC.m in Sources */,
				FB95D1751BD2B30E00254B06 /* PostTextCell.m in Sources */,
				FBCF4A991BC6CF6B00C75066 /* CollectionViewController.m in Sources */,
				FB5BB63E1BD5050800A382AC /* InputTableView.m in Sources */,
				FB5E1EC61BCA944C00897CA2 /* TextFieldTableCell.m in Sources */,
				FBB531141B9BA8A7004D5DA2 /* ResponseObject.m in Sources */,
				FBCF4AA01BC7116400C75066 /* ActivityView.m in Sources */,
				FBCDC9AA1BC3381B00808E30 /* User.m in Sources */,
				FB5050391BC4D1E70037F3E5 /* JSONValueTransformer+Date.m in Sources */,
				FB1067E91B5341A500BEBC40 /* LoginVC.m in Sources */,
				FBCF4A821BC68CF200C75066 /* PetCollectionCell.m in Sources */,
				FBCF4A871BC698B700C75066 /* ProfileHeaderCell.m in Sources */,
				FBCF4A8B1BC6B82400C75066 /* ButtonTabbarController.m in Sources */,
				FBCEA4351B4CC3E000497678 /* Pet2ShareDelegate.m in Sources */,
				FB5BB6411BD52ABE00A382AC /* KeyboardBar.m in Sources */,
				FBCF4A6B1BC5876000C75066 /* Pet2ShareUser.m in Sources */,
				FB95D1841BD2EB0000254B06 /* PostHeaderView.m in Sources */,
				FB5BB6441BD52BA900A382AC /* FeedDetailTableVC.m in Sources */,
				FB1067EC1B5341D600BEBC40 /* SignupVC.m in Sources */,
				FB9AC5261BD1560A00B0DF25 /* NewPostVC.m in Sources */,
				FB5E1EBC1BC9DDAB00897CA2 /* FeedVC.m in Sources */,
				FBD3938F1B50D9DB000ED817 /* BaseNavigationVC.m in Sources */,
				FBCDC9A91BC3381B00808E30 /* RepositoryObject.m in Sources */,
				FBCEA4321B4CC3E000497678 /* main.m in Sources */,
				FB484A5B1B50BE410045A6EA /* AppColorScheme.m in Sources */,
				FBCF4ABD1BC8691700C75066 /* PetType.m in Sources */,
				FB5E1ECA1BCA9DA400897CA2 /* DateFormatterFactory.m in Sources */,
				FB5E1EBF1BC9E2CE00897CA2 /* PetProfileVC.m in Sources */,
				FBA3F6B91BC5555E0094288D /* SignUpTableCtrl.m in Sources */,
				FBCF4A761BC5B28700C75066 /* UserProfileVC.m in Sources */,
				FB484A511B4FD40A0045A6EA /* UIDevice+Hardware.m in Sources */,
				FBCF4A921BC6CF5800C75066 /* PostCollectionCell.m in Sources */,
				FB484A3F1B4FD12F0045A6EA /* Graphics.m in Sources */,
				FBA2A3601BCDAD8800368D39 /* ImageActionSheet.m in Sources */,
				FB5050301BC4CBB40037F3E5 /* Address.m in Sources */,
				FB484A421B4FD3E60045A6EA /* Constants.m in Sources */,
				FBCF4A8E1BC6CF2E00C75066 /* PostsVC.m in Sources */,
				FBCF4A9D1BC7076200C75066 /* EditUserProfileVC.m in Sources */,
				FB6C27331B6ED1EF0002034A /* Pet2ShareService.m in Sources */,
				FB5E1ECE1BCABF7000897CA2 /* ProfileAddressInfoCell.m in Sources */,
				FBCF4AB71BC81BC900C75066 /* UpdateMessage.m in Sources */,
				FB5050331BC4D0B10037F3E5 /* Date.m in Sources */,
				FB95D1921BD309EF00254B06 /* PostDetailTextCell.m in Sources */,
				FB1067F01B535B4C00BEBC40 /* LoginTableCtrl.m in Sources */,
				FB4DB9411BCE9F5200C1466D /* EditProfileVC.m in Sources */,
				FB265B431BC37FAB0094AC37 /* Person.m in Sources */,
				FB95D1691BD28ED900254B06 /* Comment.m in Sources */,
				FB95D1661BD28B7700254B06 /* Post.m in Sources */,
				FB95D17D1BD2E38A00254B06 /* CommentCell.m in Sources */,
				FB484A581B50BE370045A6EA /* AppColor.m in Sources */,
				FB484A4F1B4FD40A0045A6EA /* Reachability.m in Sources */,
				FBCF4AA41BC72E9D00C75066 /* ProfileBasicInfoCell.m in Sources */,
				FBCF4ABA1BC8641B00C75066 /* Pet.m in Sources */,
			);
			runOnlyForDeploymentPostprocessing = 0;
		};
		FBCEA4411B4CC3E000497678 /* Sources */ = {
			isa = PBXSourcesBuildPhase;
			buildActionMask = 2147483647;
			files = (
				FB484A521B4FD40A0045A6EA /* UIDevice+Hardware.m in Sources */,
				FB484A4E1B4FD40A0045A6EA /* OrderedDictionary.m in Sources */,
				FB484A541B4FD40A0045A6EA /* Utils.m in Sources */,
				FB484A501B4FD40A0045A6EA /* Reachability.m in Sources */,
				FB484A431B4FD3E60045A6EA /* Constants.m in Sources */,
			);
			runOnlyForDeploymentPostprocessing = 0;
		};
/* End PBXSourcesBuildPhase section */

/* Begin PBXTargetDependency section */
		FBCEA4471B4CC3E000497678 /* PBXTargetDependency */ = {
			isa = PBXTargetDependency;
			target = FBCEA42B1B4CC3E000497678 /* pet2share */;
			targetProxy = FBCEA4461B4CC3E000497678 /* PBXContainerItemProxy */;
		};
/* End PBXTargetDependency section */

/* Begin PBXVariantGroup section */
		FBCEA4391B4CC3E000497678 /* Pet2Share.storyboard */ = {
			isa = PBXVariantGroup;
			children = (
				FBCEA43A1B4CC3E000497678 /* Base */,
			);
			name = Pet2Share.storyboard;
			sourceTree = "<group>";
		};
		FBCEA43E1B4CC3E000497678 /* LaunchScreen.xib */ = {
			isa = PBXVariantGroup;
			children = (
				FBCEA43F1B4CC3E000497678 /* Base */,
			);
			name = LaunchScreen.xib;
			sourceTree = "<group>";
		};
/* End PBXVariantGroup section */

/* Begin XCBuildConfiguration section */
		FBCEA44D1B4CC3E000497678 /* Debug */ = {
			isa = XCBuildConfiguration;
			buildSettings = {
				ALWAYS_SEARCH_USER_PATHS = NO;
				CLANG_CXX_LANGUAGE_STANDARD = "gnu++0x";
				CLANG_CXX_LIBRARY = "libc++";
				CLANG_ENABLE_MODULES = YES;
				CLANG_ENABLE_OBJC_ARC = YES;
				CLANG_WARN_BOOL_CONVERSION = YES;
				CLANG_WARN_CONSTANT_CONVERSION = YES;
				CLANG_WARN_DIRECT_OBJC_ISA_USAGE = YES_ERROR;
				CLANG_WARN_EMPTY_BODY = YES;
				CLANG_WARN_ENUM_CONVERSION = YES;
				CLANG_WARN_INT_CONVERSION = YES;
				CLANG_WARN_OBJC_ROOT_CLASS = YES_ERROR;
				CLANG_WARN_UNREACHABLE_CODE = YES;
				CLANG_WARN__DUPLICATE_METHOD_MATCH = YES;
				"CODE_SIGN_IDENTITY[sdk=iphoneos*]" = "iPhone Developer";
				COPY_PHASE_STRIP = NO;
				DEBUG_INFORMATION_FORMAT = "dwarf-with-dsym";
				ENABLE_STRICT_OBJC_MSGSEND = YES;
				ENABLE_TESTABILITY = YES;
				GCC_C_LANGUAGE_STANDARD = gnu99;
				GCC_DYNAMIC_NO_PIC = NO;
				GCC_NO_COMMON_BLOCKS = YES;
				GCC_OPTIMIZATION_LEVEL = 0;
				GCC_PREPROCESSOR_DEFINITIONS = (
					"DEBUG=1",
					"$(inherited)",
				);
				GCC_SYMBOLS_PRIVATE_EXTERN = NO;
				GCC_WARN_64_TO_32_BIT_CONVERSION = YES;
				GCC_WARN_ABOUT_RETURN_TYPE = YES_ERROR;
				GCC_WARN_UNDECLARED_SELECTOR = YES;
				GCC_WARN_UNINITIALIZED_AUTOS = YES_AGGRESSIVE;
				GCC_WARN_UNUSED_FUNCTION = YES;
				GCC_WARN_UNUSED_VARIABLE = YES;
				IPHONEOS_DEPLOYMENT_TARGET = 8.4;
				MTL_ENABLE_DEBUG_INFO = YES;
				ONLY_ACTIVE_ARCH = YES;
				SDKROOT = iphoneos;
			};
			name = Debug;
		};
		FBCEA44E1B4CC3E000497678 /* Release */ = {
			isa = XCBuildConfiguration;
			buildSettings = {
				ALWAYS_SEARCH_USER_PATHS = NO;
				CLANG_CXX_LANGUAGE_STANDARD = "gnu++0x";
				CLANG_CXX_LIBRARY = "libc++";
				CLANG_ENABLE_MODULES = YES;
				CLANG_ENABLE_OBJC_ARC = YES;
				CLANG_WARN_BOOL_CONVERSION = YES;
				CLANG_WARN_CONSTANT_CONVERSION = YES;
				CLANG_WARN_DIRECT_OBJC_ISA_USAGE = YES_ERROR;
				CLANG_WARN_EMPTY_BODY = YES;
				CLANG_WARN_ENUM_CONVERSION = YES;
				CLANG_WARN_INT_CONVERSION = YES;
				CLANG_WARN_OBJC_ROOT_CLASS = YES_ERROR;
				CLANG_WARN_UNREACHABLE_CODE = YES;
				CLANG_WARN__DUPLICATE_METHOD_MATCH = YES;
				"CODE_SIGN_IDENTITY[sdk=iphoneos*]" = "iPhone Developer";
				COPY_PHASE_STRIP = NO;
				DEBUG_INFORMATION_FORMAT = "dwarf-with-dsym";
				ENABLE_NS_ASSERTIONS = NO;
				ENABLE_STRICT_OBJC_MSGSEND = YES;
				GCC_C_LANGUAGE_STANDARD = gnu99;
				GCC_NO_COMMON_BLOCKS = YES;
				GCC_WARN_64_TO_32_BIT_CONVERSION = YES;
				GCC_WARN_ABOUT_RETURN_TYPE = YES_ERROR;
				GCC_WARN_UNDECLARED_SELECTOR = YES;
				GCC_WARN_UNINITIALIZED_AUTOS = YES_AGGRESSIVE;
				GCC_WARN_UNUSED_FUNCTION = YES;
				GCC_WARN_UNUSED_VARIABLE = YES;
				IPHONEOS_DEPLOYMENT_TARGET = 8.4;
				MTL_ENABLE_DEBUG_INFO = NO;
				SDKROOT = iphoneos;
				VALIDATE_PRODUCT = YES;
			};
			name = Release;
		};
		FBCEA4501B4CC3E000497678 /* Debug */ = {
			isa = XCBuildConfiguration;
			baseConfigurationReference = 2D8E6D407B06EEEE9C8600F7 /* Pods.debug.xcconfig */;
			buildSettings = {
				ASSETCATALOG_COMPILER_APPICON_NAME = AppIcon;
				CODE_SIGN_IDENTITY = "iPhone Developer";
				"CODE_SIGN_IDENTITY[sdk=iphoneos*]" = "iPhone Developer";
				FRAMEWORK_SEARCH_PATHS = "";
				GCC_PREFIX_HEADER = "$(SRCROOT)/Pet2Share/Pet2Share.pch";
				INFOPLIST_FILE = pet2share/Info.plist;
				IPHONEOS_DEPLOYMENT_TARGET = 9.0;
				LD_RUNPATH_SEARCH_PATHS = "$(inherited) @executable_path/Frameworks";
				PRODUCT_BUNDLE_IDENTIFIER = "pet2share.$(PRODUCT_NAME:rfc1034identifier)";
				PRODUCT_NAME = "$(TARGET_NAME)";
				PROVISIONING_PROFILE = "";
			};
			name = Debug;
		};
		FBCEA4511B4CC3E000497678 /* Release */ = {
			isa = XCBuildConfiguration;
			baseConfigurationReference = E39AC5D91F18CB45AD8327A2 /* Pods.release.xcconfig */;
			buildSettings = {
				ASSETCATALOG_COMPILER_APPICON_NAME = AppIcon;
				CODE_SIGN_IDENTITY = "iPhone Developer";
				"CODE_SIGN_IDENTITY[sdk=iphoneos*]" = "iPhone Developer";
				FRAMEWORK_SEARCH_PATHS = "";
				GCC_PREFIX_HEADER = "$(SRCROOT)/Pet2Share/Pet2Share.pch";
				INFOPLIST_FILE = pet2share/Info.plist;
				IPHONEOS_DEPLOYMENT_TARGET = 9.0;
				LD_RUNPATH_SEARCH_PATHS = "$(inherited) @executable_path/Frameworks";
				PRODUCT_BUNDLE_IDENTIFIER = "pet2share.$(PRODUCT_NAME:rfc1034identifier)";
				PRODUCT_NAME = "$(TARGET_NAME)";
				PROVISIONING_PROFILE = "";
			};
			name = Release;
		};
		FBCEA4531B4CC3E000497678 /* Debug */ = {
			isa = XCBuildConfiguration;
			baseConfigurationReference = 2D8E6D407B06EEEE9C8600F7 /* Pods.debug.xcconfig */;
			buildSettings = {
				BUNDLE_LOADER = "$(TEST_HOST)";
				FRAMEWORK_SEARCH_PATHS = "";
				GCC_PREPROCESSOR_DEFINITIONS = (
					"DEBUG=1",
					"$(inherited)",
				);
				INFOPLIST_FILE = pet2shareTests/Info.plist;
				LD_RUNPATH_SEARCH_PATHS = "$(inherited) @executable_path/Frameworks @loader_path/Frameworks";
				LIBRARY_SEARCH_PATHS = "";
				PRODUCT_BUNDLE_IDENTIFIER = "pet2share.$(PRODUCT_NAME:rfc1034identifier)";
				PRODUCT_NAME = "$(TARGET_NAME)";
				TEST_HOST = "$(BUILT_PRODUCTS_DIR)/pet2share.app/pet2share";
			};
			name = Debug;
		};
		FBCEA4541B4CC3E000497678 /* Release */ = {
			isa = XCBuildConfiguration;
			baseConfigurationReference = E39AC5D91F18CB45AD8327A2 /* Pods.release.xcconfig */;
			buildSettings = {
				BUNDLE_LOADER = "$(TEST_HOST)";
				FRAMEWORK_SEARCH_PATHS = "";
				INFOPLIST_FILE = pet2shareTests/Info.plist;
				LD_RUNPATH_SEARCH_PATHS = "$(inherited) @executable_path/Frameworks @loader_path/Frameworks";
				LIBRARY_SEARCH_PATHS = "";
				PRODUCT_BUNDLE_IDENTIFIER = "pet2share.$(PRODUCT_NAME:rfc1034identifier)";
				PRODUCT_NAME = "$(TARGET_NAME)";
				TEST_HOST = "$(BUILT_PRODUCTS_DIR)/pet2share.app/pet2share";
			};
			name = Release;
		};
/* End XCBuildConfiguration section */

/* Begin XCConfigurationList section */
		FBCEA4271B4CC3E000497678 /* Build configuration list for PBXProject "pet2share" */ = {
			isa = XCConfigurationList;
			buildConfigurations = (
				FBCEA44D1B4CC3E000497678 /* Debug */,
				FBCEA44E1B4CC3E000497678 /* Release */,
			);
			defaultConfigurationIsVisible = 0;
			defaultConfigurationName = Release;
		};
		FBCEA44F1B4CC3E000497678 /* Build configuration list for PBXNativeTarget "pet2share" */ = {
			isa = XCConfigurationList;
			buildConfigurations = (
				FBCEA4501B4CC3E000497678 /* Debug */,
				FBCEA4511B4CC3E000497678 /* Release */,
			);
			defaultConfigurationIsVisible = 0;
			defaultConfigurationName = Release;
		};
		FBCEA4521B4CC3E000497678 /* Build configuration list for PBXNativeTarget "pet2shareTests" */ = {
			isa = XCConfigurationList;
			buildConfigurations = (
				FBCEA4531B4CC3E000497678 /* Debug */,
				FBCEA4541B4CC3E000497678 /* Release */,
			);
			defaultConfigurationIsVisible = 0;
			defaultConfigurationName = Release;
		};
/* End XCConfigurationList section */
	};
	rootObject = FBCEA4241B4CC3E000497678 /* Project object */;
}
